{
  "version": 4,
  "terraform_version": "1.5.2",
  "serial": 345,
  "lineage": "bbe642cd-7d2f-5864-1f47-64a94351e218",
  "outputs": {
    "site_addresses": {
      "value": {
        "10.0.0.1": "gateway.infra",
        "10.0.0.2": "core.infra",
        "10.0.0.20": "switch-theatre.infra",
        "10.0.0.21": "switch-family.infra",
        "10.0.0.22": "switch-office.infra",
        "10.0.0.23": "switch-spare-1.infra",
        "10.0.0.24": "switch-spare-2.infra",
        "10.0.0.25": "switch-spare-3.infra",
        "10.0.0.26": "switch-spare-fe-1.infra",
        "10.0.0.27": "switch-spare-fe-2.infra",
        "10.0.0.3": "leaf.infra",
        "10.0.0.40": "wap-gym.infra",
        "10.0.0.41": "wap-basement.infra",
        "10.0.0.42": "wap-garage.infra",
        "10.0.0.43": "wap-library.infra",
        "10.0.0.44": "wap-master.infra",
        "10.0.0.45": "wap-guest.infra",
        "10.0.0.50": "eap-front.infra",
        "10.0.0.51": "eap-fence.infra",
        "10.0.0.52": "eap-deck.infra",
        "10.0.1.100": "host.servers",
        "10.0.1.110": "influxdb.servers",
        "10.0.1.112": "hub.servers",
        "10.0.1.113": "syslog.servers",
        "10.0.1.114": "metrics.servers",
        "10.0.1.115": "grafana.servers",
        "10.0.1.116": "teslamate.servers",
        "10.0.1.117": "cultivator.servers",
        "10.0.1.118": "unpoller.servers",
        "10.0.1.150": "nas.servers",
        "10.0.1.80": "hass.servers",
        "10.0.1.91": "kiosk-office.servers",
        "10.0.1.92": "kiosk-poker.servers",
        "10.0.2.10": "cam-front.security",
        "10.0.2.11": "cam-deck.security",
        "10.0.2.12": "cam-fence.security",
        "10.0.2.13": "cam-garage.security",
        "10.0.2.14": "cam-patio.security",
        "10.0.2.2": "nas.security",
        "172.16.0.10": "snoo.iot",
        "172.16.0.11": "simplisafe.iot",
        "172.16.0.12": "myq.iot",
        "172.16.0.13": "nanoleaf.iot",
        "172.16.0.15": "jasnah.iot",
        "172.16.0.16": "akerl-oasis.iot",
        "172.16.0.17": "tivo-theatre.iot",
        "172.16.0.2": "appletv-family.iot",
        "172.16.0.20": "solar-gw-1.iot",
        "172.16.0.21": "solar-gw-2.iot",
        "172.16.0.22": "solar-pv-1.iot",
        "172.16.0.23": "solar-pv-2.iot",
        "172.16.0.24": "solar-pv-3.iot",
        "172.16.0.25": "ev-charger-1.iot",
        "172.16.0.26": "ev-charger-2.iot",
        "172.16.0.27": "ev-charger-3.iot",
        "172.16.0.3": "vrroom.iot",
        "172.16.0.30": "power-shou.iot",
        "172.16.0.31": "power-sheng.iot",
        "172.16.0.32": "power-serverfan.iot",
        "172.16.0.33": "power-chargers.iot",
        "172.16.0.34": "power-desktop.iot",
        "172.16.0.4": "tivo-family.iot",
        "172.16.0.40": "rh-bedroom.iot",
        "172.16.0.41": "rh-nursery.iot",
        "172.16.0.42": "rh-office.iot",
        "172.16.0.43": "rh-tea.iot",
        "172.16.0.44": "rh-basement.iot",
        "172.16.0.5": "tivo-bar.iot",
        "172.16.0.6": "receiver-theatre.iot",
        "172.16.0.7": "tv-family.iot",
        "172.16.0.8": "appletv-theatre.iot",
        "172.16.0.9": "tv-theatre.iot",
        "172.16.1.1": "hass.iot",
        "172.16.1.10": "cam-sunroom.iot",
        "172.16.1.101": "lifx-1.iot",
        "172.16.1.102": "lifx-2.iot",
        "172.16.1.103": "lifx-3.iot",
        "172.16.1.11": "cam-family.iot",
        "172.16.1.110": "smoke-basement.iot",
        "172.16.1.111": "smoke-suite.iot",
        "172.16.1.112": "smoke-gym.iot",
        "172.16.1.113": "smoke-theatre.iot",
        "172.16.1.114": "smoke-library.iot",
        "172.16.1.115": "smoke-hallway.iot",
        "172.16.1.116": "smoke-master.iot",
        "172.16.1.117": "smoke-nursery.iot",
        "172.16.1.118": "smoke-office.iot",
        "172.16.1.119": "smoke-upstairs.iot",
        "172.16.1.12": "cam-living.iot",
        "172.16.1.120": "smoke-guest.iot",
        "172.16.1.13": "cam-basement.iot",
        "172.16.1.19": "kiosk-tea.iot",
        "172.16.1.20": "thermostat-bar.iot",
        "172.16.1.21": "thermostat-basement.iot",
        "172.16.1.22": "thermostat-library.iot",
        "172.16.1.23": "thermostat-kitchen.iot",
        "172.16.1.24": "thermostat-sunroom.iot",
        "172.16.1.25": "thermostat-master.iot",
        "172.16.1.26": "thermostat-guest.iot",
        "172.16.1.27": "nestconnect-1.iot",
        "172.16.1.29": "nesthello.iot",
        "172.16.1.30": "nestcam-nursery.iot",
        "172.16.1.40": "echo-basement.iot",
        "172.16.1.41": "echo-kitchen.iot",
        "172.16.1.42": "echo-bedroom.iot",
        "172.16.1.43": "echo-family.iot",
        "172.16.1.50": "airthings-hub.iot",
        "172.16.1.51": "airthings-office.iot",
        "172.16.1.60": "flic-office.iot",
        "172.16.1.61": "flic-bedroom.iot",
        "172.16.1.70": "owlet.iot",
        "172.16.1.71": "hatch.iot",
        "172.16.1.80": "roomba-rover.iot",
        "172.16.1.81": "roomba-spot.iot",
        "172.16.1.91": "chromecast-gym.iot",
        "172.16.20.10": "ps5.gaming",
        "172.16.20.11": "hyrum.gaming",
        "192.168.1.10": "lift.standard",
        "192.168.1.100": "kelly-switch-wired.standard",
        "192.168.1.101": "kelly-imac.standard",
        "192.168.1.102": "kelly-iphone.standard",
        "192.168.1.104": "kelly-watch.standard",
        "192.168.1.11": "szeth.standard",
        "192.168.1.12": "wilson.standard",
        "192.168.1.13": "wilson-wired.standard",
        "192.168.1.14": "laker-mac.standard",
        "192.168.1.15": "laker-mac-wired.standard",
        "192.168.1.16": "philote.standard",
        "192.168.1.18": "bean.standard",
        "192.168.1.19": "wrist.standard",
        "192.168.1.2": "printer.standard",
        "192.168.1.21": "switch.standard",
        "192.168.1.3": "usb-kvm.standard"
      },
      "type": [
        "object",
        {
          "10.0.0.1": "string",
          "10.0.0.2": "string",
          "10.0.0.20": "string",
          "10.0.0.21": "string",
          "10.0.0.22": "string",
          "10.0.0.23": "string",
          "10.0.0.24": "string",
          "10.0.0.25": "string",
          "10.0.0.26": "string",
          "10.0.0.27": "string",
          "10.0.0.3": "string",
          "10.0.0.40": "string",
          "10.0.0.41": "string",
          "10.0.0.42": "string",
          "10.0.0.43": "string",
          "10.0.0.44": "string",
          "10.0.0.45": "string",
          "10.0.0.50": "string",
          "10.0.0.51": "string",
          "10.0.0.52": "string",
          "10.0.1.100": "string",
          "10.0.1.110": "string",
          "10.0.1.112": "string",
          "10.0.1.113": "string",
          "10.0.1.114": "string",
          "10.0.1.115": "string",
          "10.0.1.116": "string",
          "10.0.1.117": "string",
          "10.0.1.118": "string",
          "10.0.1.150": "string",
          "10.0.1.80": "string",
          "10.0.1.91": "string",
          "10.0.1.92": "string",
          "10.0.2.10": "string",
          "10.0.2.11": "string",
          "10.0.2.12": "string",
          "10.0.2.13": "string",
          "10.0.2.14": "string",
          "10.0.2.2": "string",
          "172.16.0.10": "string",
          "172.16.0.11": "string",
          "172.16.0.12": "string",
          "172.16.0.13": "string",
          "172.16.0.15": "string",
          "172.16.0.16": "string",
          "172.16.0.17": "string",
          "172.16.0.2": "string",
          "172.16.0.20": "string",
          "172.16.0.21": "string",
          "172.16.0.22": "string",
          "172.16.0.23": "string",
          "172.16.0.24": "string",
          "172.16.0.25": "string",
          "172.16.0.26": "string",
          "172.16.0.27": "string",
          "172.16.0.3": "string",
          "172.16.0.30": "string",
          "172.16.0.31": "string",
          "172.16.0.32": "string",
          "172.16.0.33": "string",
          "172.16.0.34": "string",
          "172.16.0.4": "string",
          "172.16.0.40": "string",
          "172.16.0.41": "string",
          "172.16.0.42": "string",
          "172.16.0.43": "string",
          "172.16.0.44": "string",
          "172.16.0.5": "string",
          "172.16.0.6": "string",
          "172.16.0.7": "string",
          "172.16.0.8": "string",
          "172.16.0.9": "string",
          "172.16.1.1": "string",
          "172.16.1.10": "string",
          "172.16.1.101": "string",
          "172.16.1.102": "string",
          "172.16.1.103": "string",
          "172.16.1.11": "string",
          "172.16.1.110": "string",
          "172.16.1.111": "string",
          "172.16.1.112": "string",
          "172.16.1.113": "string",
          "172.16.1.114": "string",
          "172.16.1.115": "string",
          "172.16.1.116": "string",
          "172.16.1.117": "string",
          "172.16.1.118": "string",
          "172.16.1.119": "string",
          "172.16.1.12": "string",
          "172.16.1.120": "string",
          "172.16.1.13": "string",
          "172.16.1.19": "string",
          "172.16.1.20": "string",
          "172.16.1.21": "string",
          "172.16.1.22": "string",
          "172.16.1.23": "string",
          "172.16.1.24": "string",
          "172.16.1.25": "string",
          "172.16.1.26": "string",
          "172.16.1.27": "string",
          "172.16.1.29": "string",
          "172.16.1.30": "string",
          "172.16.1.40": "string",
          "172.16.1.41": "string",
          "172.16.1.42": "string",
          "172.16.1.43": "string",
          "172.16.1.50": "string",
          "172.16.1.51": "string",
          "172.16.1.60": "string",
          "172.16.1.61": "string",
          "172.16.1.70": "string",
          "172.16.1.71": "string",
          "172.16.1.80": "string",
          "172.16.1.81": "string",
          "172.16.1.91": "string",
          "172.16.20.10": "string",
          "172.16.20.11": "string",
          "192.168.1.10": "string",
          "192.168.1.100": "string",
          "192.168.1.101": "string",
          "192.168.1.102": "string",
          "192.168.1.104": "string",
          "192.168.1.11": "string",
          "192.168.1.12": "string",
          "192.168.1.13": "string",
          "192.168.1.14": "string",
          "192.168.1.15": "string",
          "192.168.1.16": "string",
          "192.168.1.18": "string",
          "192.168.1.19": "string",
          "192.168.1.2": "string",
          "192.168.1.21": "string",
          "192.168.1.3": "string"
        }
      ]
    }
  },
  "resources": [
    {
      "mode": "data",
      "type": "unifi_ap_group",
      "name": "default",
      "provider": "provider[\"registry.terraform.io/akerl/unifi\"]",
      "instances": [
        {
          "schema_version": 0,
          "attributes": {
            "id": "60b8489b589c1a069f2682ee",
            "name": null,
            "site": "default"
          },
          "sensitive_attributes": []
        }
      ]
    },
    {
      "mode": "data",
      "type": "unifi_user_group",
      "name": "default",
      "provider": "provider[\"registry.terraform.io/akerl/unifi\"]",
      "instances": [
        {
          "schema_version": 0,
          "attributes": {
            "id": "60b8489a589c1a069f2682e4",
            "name": "Default",
            "qos_rate_max_down": -1,
            "qos_rate_max_up": -1,
            "site": "default"
          },
          "sensitive_attributes": []
        }
      ]
    },
    {
      "mode": "managed",
      "type": "unifi_device",
      "name": "devices",
      "provider": "provider[\"registry.terraform.io/akerl/unifi\"]",
      "instances": [
        {
          "index_key": "24:5a:4c:59:85:18",
          "schema_version": 0,
          "attributes": {
            "allow_adoption": true,
            "disabled": false,
            "forget_on_destroy": true,
            "id": "60b84f8dbcd92314cf35fc40",
            "mac": "24:5a:4c:59:85:18",
            "name": "switch-theatre",
            "port_override": [
              {
                "aggregate_num_ports": 0,
                "name": "gaming.hyrum",
                "native_network_id": "",
                "number": 16,
                "op_mode": "",
                "port_profile_id": "64b7673a2965341f6148b186"
              },
              {
                "aggregate_num_ports": 0,
                "name": "gaming.ps5",
                "native_network_id": "",
                "number": 15,
                "op_mode": "",
                "port_profile_id": "64b7673a2965341f6148b186"
              },
              {
                "aggregate_num_ports": 0,
                "name": "iot.appletv-theatre",
                "native_network_id": "",
                "number": 9,
                "op_mode": "",
                "port_profile_id": "64b7673a2965341f6148b184"
              },
              {
                "aggregate_num_ports": 0,
                "name": "iot.receiver-theatre",
                "native_network_id": "",
                "number": 13,
                "op_mode": "",
                "port_profile_id": "64b7673a2965341f6148b184"
              },
              {
                "aggregate_num_ports": 0,
                "name": "iot.tivo-theatre",
                "native_network_id": "",
                "number": 14,
                "op_mode": "",
                "port_profile_id": "64b7673a2965341f6148b184"
              },
              {
                "aggregate_num_ports": 0,
                "name": "iot.tv-theatre",
                "native_network_id": "",
                "number": 12,
                "op_mode": "",
                "port_profile_id": "64b7673a2965341f6148b184"
              },
              {
                "aggregate_num_ports": 0,
                "name": "iot.vrroom",
                "native_network_id": "",
                "number": 11,
                "op_mode": "",
                "port_profile_id": "64b7673a2965341f6148b184"
              }
            ],
            "site": "default"
          },
          "sensitive_attributes": [],
          "private": "bnVsbA==",
          "dependencies": [
            "unifi_network.lans",
            "unifi_port_profile.network",
            "unifi_port_profile.ports"
          ]
        },
        {
          "index_key": "24:5a:4c:a2:c3:85",
          "schema_version": 0,
          "attributes": {
            "allow_adoption": true,
            "disabled": false,
            "forget_on_destroy": true,
            "id": "613b41bb2285e305993d1583",
            "mac": "24:5a:4c:a2:c3:85",
            "name": "core",
            "port_override": [
              {
                "aggregate_num_ports": 0,
                "name": "infra.eap-deck",
                "native_network_id": "",
                "number": 11,
                "op_mode": "",
                "port_profile_id": "64b7673a2965341f6148b189"
              },
              {
                "aggregate_num_ports": 0,
                "name": "infra.eap-fence",
                "native_network_id": "",
                "number": 10,
                "op_mode": "",
                "port_profile_id": "64b7673a2965341f6148b189"
              },
              {
                "aggregate_num_ports": 0,
                "name": "infra.eap-front",
                "native_network_id": "",
                "number": 12,
                "op_mode": "",
                "port_profile_id": "64b7673a2965341f6148b189"
              },
              {
                "aggregate_num_ports": 0,
                "name": "infra.gateway",
                "native_network_id": "",
                "number": 26,
                "op_mode": "",
                "port_profile_id": "64b7673a2965341f6148b189"
              },
              {
                "aggregate_num_ports": 0,
                "name": "infra.leaf",
                "native_network_id": "",
                "number": 25,
                "op_mode": "",
                "port_profile_id": "64b7673a2965341f6148b189"
              },
              {
                "aggregate_num_ports": 0,
                "name": "infra.switch-family",
                "native_network_id": "",
                "number": 8,
                "op_mode": "",
                "port_profile_id": "64b7673a2965341f6148b189"
              },
              {
                "aggregate_num_ports": 0,
                "name": "infra.switch-office",
                "native_network_id": "",
                "number": 9,
                "op_mode": "",
                "port_profile_id": "64b7673a2965341f6148b189"
              },
              {
                "aggregate_num_ports": 0,
                "name": "infra.switch-spare-1",
                "native_network_id": "",
                "number": 18,
                "op_mode": "",
                "port_profile_id": "64b7673a2965341f6148b189"
              },
              {
                "aggregate_num_ports": 0,
                "name": "infra.switch-spare-2",
                "native_network_id": "",
                "number": 14,
                "op_mode": "",
                "port_profile_id": "64b7673a2965341f6148b189"
              },
              {
                "aggregate_num_ports": 0,
                "name": "infra.switch-spare-3",
                "native_network_id": "",
                "number": 15,
                "op_mode": "",
                "port_profile_id": "64b7673a2965341f6148b189"
              },
              {
                "aggregate_num_ports": 0,
                "name": "infra.switch-spare-fe-1",
                "native_network_id": "",
                "number": 17,
                "op_mode": "",
                "port_profile_id": "64b7673a2965341f6148b189"
              },
              {
                "aggregate_num_ports": 0,
                "name": "infra.switch-spare-fe-2",
                "native_network_id": "",
                "number": 16,
                "op_mode": "",
                "port_profile_id": "64b7673a2965341f6148b189"
              },
              {
                "aggregate_num_ports": 0,
                "name": "infra.switch-theatre",
                "native_network_id": "",
                "number": 7,
                "op_mode": "",
                "port_profile_id": "64b7673a2965341f6148b189"
              },
              {
                "aggregate_num_ports": 0,
                "name": "infra.wap-basement",
                "native_network_id": "",
                "number": 1,
                "op_mode": "",
                "port_profile_id": "64b7673a2965341f6148b189"
              },
              {
                "aggregate_num_ports": 0,
                "name": "infra.wap-garage",
                "native_network_id": "",
                "number": 3,
                "op_mode": "",
                "port_profile_id": "64b7673a2965341f6148b189"
              },
              {
                "aggregate_num_ports": 0,
                "name": "infra.wap-guest",
                "native_network_id": "",
                "number": 6,
                "op_mode": "",
                "port_profile_id": "64b7673a2965341f6148b189"
              },
              {
                "aggregate_num_ports": 0,
                "name": "infra.wap-gym",
                "native_network_id": "",
                "number": 2,
                "op_mode": "",
                "port_profile_id": "64b7673a2965341f6148b189"
              },
              {
                "aggregate_num_ports": 0,
                "name": "infra.wap-library",
                "native_network_id": "",
                "number": 4,
                "op_mode": "",
                "port_profile_id": "64b7673a2965341f6148b189"
              },
              {
                "aggregate_num_ports": 0,
                "name": "infra.wap-master",
                "native_network_id": "",
                "number": 5,
                "op_mode": "",
                "port_profile_id": "64b7673a2965341f6148b189"
              },
              {
                "aggregate_num_ports": 0,
                "name": "iot.tivo-bar",
                "native_network_id": "",
                "number": 20,
                "op_mode": "",
                "port_profile_id": "64b7673a2965341f6148b184"
              },
              {
                "aggregate_num_ports": 2,
                "name": "servers.nas",
                "native_network_id": "60b8528bbcd92314cf35fcbe",
                "number": 23,
                "op_mode": "aggregate",
                "port_profile_id": ""
              }
            ],
            "site": "default"
          },
          "sensitive_attributes": [],
          "private": "bnVsbA==",
          "dependencies": [
            "unifi_network.lans",
            "unifi_port_profile.network",
            "unifi_port_profile.ports"
          ]
        },
        {
          "index_key": "68:d7:9a:69:c2:cb",
          "schema_version": 0,
          "attributes": {
            "allow_adoption": true,
            "disabled": false,
            "forget_on_destroy": true,
            "id": "615740152285e30a08874ca2",
            "mac": "68:d7:9a:69:c2:cb",
            "name": "switch-family",
            "port_override": [
              {
                "aggregate_num_ports": 0,
                "name": "iot.appletv-family",
                "native_network_id": "",
                "number": 3,
                "op_mode": "",
                "port_profile_id": "64b7673a2965341f6148b184"
              },
              {
                "aggregate_num_ports": 0,
                "name": "iot.tivo-family",
                "native_network_id": "",
                "number": 2,
                "op_mode": "",
                "port_profile_id": "64b7673a2965341f6148b184"
              },
              {
                "aggregate_num_ports": 0,
                "name": "iot.tv-family",
                "native_network_id": "",
                "number": 4,
                "op_mode": "",
                "port_profile_id": "64b7673a2965341f6148b184"
              },
              {
                "aggregate_num_ports": 0,
                "name": "standard.kelly-switch-wired",
                "native_network_id": "",
                "number": 5,
                "op_mode": "",
                "port_profile_id": "64b7673a2965341f6148b185"
              }
            ],
            "site": "default"
          },
          "sensitive_attributes": [],
          "private": "bnVsbA==",
          "dependencies": [
            "unifi_network.lans",
            "unifi_port_profile.network",
            "unifi_port_profile.ports"
          ]
        },
        {
          "index_key": "68:d7:9a:69:c2:e7",
          "schema_version": 0,
          "attributes": {
            "allow_adoption": true,
            "disabled": false,
            "forget_on_destroy": true,
            "id": "615740122285e30a08874c9c",
            "mac": "68:d7:9a:69:c2:e7",
            "name": "switch-spare-2",
            "port_override": [],
            "site": "default"
          },
          "sensitive_attributes": [],
          "private": "bnVsbA==",
          "dependencies": [
            "unifi_network.lans",
            "unifi_port_profile.network",
            "unifi_port_profile.ports"
          ]
        },
        {
          "index_key": "68:d7:9a:69:c3:12",
          "schema_version": 0,
          "attributes": {
            "allow_adoption": true,
            "disabled": false,
            "forget_on_destroy": true,
            "id": "615740132285e30a08874c9f",
            "mac": "68:d7:9a:69:c3:12",
            "name": "switch-spare-3",
            "port_override": [],
            "site": "default"
          },
          "sensitive_attributes": [],
          "private": "bnVsbA==",
          "dependencies": [
            "unifi_network.lans",
            "unifi_port_profile.network",
            "unifi_port_profile.ports"
          ]
        },
        {
          "index_key": "68:d7:9a:73:a8:14",
          "schema_version": 0,
          "attributes": {
            "allow_adoption": true,
            "disabled": false,
            "forget_on_destroy": true,
            "id": "60b84f88bcd92314cf35fc37",
            "mac": "68:d7:9a:73:a8:14",
            "name": "wap-gym",
            "port_override": [],
            "site": "default"
          },
          "sensitive_attributes": [],
          "private": "bnVsbA==",
          "dependencies": [
            "unifi_network.lans",
            "unifi_port_profile.network",
            "unifi_port_profile.ports"
          ]
        },
        {
          "index_key": "68:d7:9a:73:ac:75",
          "schema_version": 0,
          "attributes": {
            "allow_adoption": true,
            "disabled": false,
            "forget_on_destroy": true,
            "id": "60b84f8abcd92314cf35fc3a",
            "mac": "68:d7:9a:73:ac:75",
            "name": "wap-garage",
            "port_override": [],
            "site": "default"
          },
          "sensitive_attributes": [],
          "private": "bnVsbA==",
          "dependencies": [
            "unifi_network.lans",
            "unifi_port_profile.network",
            "unifi_port_profile.ports"
          ]
        },
        {
          "index_key": "68:d7:9a:73:ac:ab",
          "schema_version": 0,
          "attributes": {
            "allow_adoption": true,
            "disabled": false,
            "forget_on_destroy": true,
            "id": "60b84f97bcd92314cf35fc4c",
            "mac": "68:d7:9a:73:ac:ab",
            "name": "wap-guest",
            "port_override": [],
            "site": "default"
          },
          "sensitive_attributes": [],
          "private": "bnVsbA==",
          "dependencies": [
            "unifi_network.lans",
            "unifi_port_profile.network",
            "unifi_port_profile.ports"
          ]
        },
        {
          "index_key": "68:d7:9a:89:a5:3b",
          "schema_version": 0,
          "attributes": {
            "allow_adoption": true,
            "disabled": false,
            "forget_on_destroy": true,
            "id": "611fb68c382c7b0594d1f657",
            "mac": "68:d7:9a:89:a5:3b",
            "name": "eap-front",
            "port_override": [],
            "site": "default"
          },
          "sensitive_attributes": [],
          "private": "bnVsbA==",
          "dependencies": [
            "unifi_network.lans",
            "unifi_port_profile.network",
            "unifi_port_profile.ports"
          ]
        },
        {
          "index_key": "68:d7:9a:89:a5:dd",
          "schema_version": 0,
          "attributes": {
            "allow_adoption": true,
            "disabled": false,
            "forget_on_destroy": true,
            "id": "60b8559938c16f0423c08b53",
            "mac": "68:d7:9a:89:a5:dd",
            "name": "eap-fence",
            "port_override": [],
            "site": "default"
          },
          "sensitive_attributes": [],
          "private": "bnVsbA==",
          "dependencies": [
            "unifi_network.lans",
            "unifi_port_profile.network",
            "unifi_port_profile.ports"
          ]
        },
        {
          "index_key": "68:d7:9a:89:a5:e6",
          "schema_version": 0,
          "attributes": {
            "allow_adoption": true,
            "disabled": false,
            "forget_on_destroy": true,
            "id": "60b8559938c16f0423c08b4f",
            "mac": "68:d7:9a:89:a5:e6",
            "name": "eap-deck",
            "port_override": [],
            "site": "default"
          },
          "sensitive_attributes": [],
          "private": "bnVsbA==",
          "dependencies": [
            "unifi_network.lans",
            "unifi_port_profile.network",
            "unifi_port_profile.ports"
          ]
        },
        {
          "index_key": "74:83:c2:0c:4b:80",
          "schema_version": 0,
          "attributes": {
            "allow_adoption": true,
            "disabled": false,
            "forget_on_destroy": true,
            "id": "60b84f99bcd92314cf35fc4f",
            "mac": "74:83:c2:0c:4b:80",
            "name": "switch-office",
            "port_override": [
              {
                "aggregate_num_ports": 0,
                "name": "servers.kiosk-office",
                "native_network_id": "",
                "number": 4,
                "op_mode": "",
                "port_profile_id": "64b7673a2965341f6148b188"
              },
              {
                "aggregate_num_ports": 0,
                "name": "standard.laker-mac-wired",
                "native_network_id": "",
                "number": 2,
                "op_mode": "",
                "port_profile_id": "64b7673a2965341f6148b185"
              },
              {
                "aggregate_num_ports": 0,
                "name": "standard.philote",
                "native_network_id": "",
                "number": 5,
                "op_mode": "",
                "port_profile_id": "64b7673a2965341f6148b185"
              },
              {
                "aggregate_num_ports": 0,
                "name": "standard.wilson-wired",
                "native_network_id": "",
                "number": 3,
                "op_mode": "",
                "port_profile_id": "64b7673a2965341f6148b185"
              }
            ],
            "site": "default"
          },
          "sensitive_attributes": [],
          "private": "bnVsbA==",
          "dependencies": [
            "unifi_network.lans",
            "unifi_port_profile.network",
            "unifi_port_profile.ports"
          ]
        },
        {
          "index_key": "74:83:c2:0c:4b:96",
          "schema_version": 0,
          "attributes": {
            "allow_adoption": true,
            "disabled": false,
            "forget_on_destroy": true,
            "id": "60b84f83bcd92314cf35fc31",
            "mac": "74:83:c2:0c:4b:96",
            "name": "switch-spare-fe-2",
            "port_override": [],
            "site": "default"
          },
          "sensitive_attributes": [],
          "private": "bnVsbA==",
          "dependencies": [
            "unifi_network.lans",
            "unifi_port_profile.network",
            "unifi_port_profile.ports"
          ]
        },
        {
          "index_key": "74:83:c2:6f:5b:71",
          "schema_version": 0,
          "attributes": {
            "allow_adoption": true,
            "disabled": false,
            "forget_on_destroy": true,
            "id": "60b84f8fbcd92314cf35fc44",
            "mac": "74:83:c2:6f:5b:71",
            "name": "leaf",
            "port_override": [
              {
                "aggregate_num_ports": 0,
                "name": "infra.core",
                "native_network_id": "",
                "number": 26,
                "op_mode": "",
                "port_profile_id": "64b7673a2965341f6148b189"
              },
              {
                "aggregate_num_ports": 0,
                "name": "iot.airthings-hub",
                "native_network_id": "",
                "number": 17,
                "op_mode": "",
                "port_profile_id": "64b7673a2965341f6148b184"
              },
              {
                "aggregate_num_ports": 0,
                "name": "security.cam-deck",
                "native_network_id": "",
                "number": 3,
                "op_mode": "",
                "port_profile_id": "64b7673a2965341f6148b183"
              },
              {
                "aggregate_num_ports": 0,
                "name": "security.cam-fence",
                "native_network_id": "",
                "number": 1,
                "op_mode": "",
                "port_profile_id": "64b7673a2965341f6148b183"
              },
              {
                "aggregate_num_ports": 0,
                "name": "security.cam-front",
                "native_network_id": "",
                "number": 2,
                "op_mode": "",
                "port_profile_id": "64b7673a2965341f6148b183"
              },
              {
                "aggregate_num_ports": 0,
                "name": "security.cam-garage",
                "native_network_id": "",
                "number": 6,
                "op_mode": "",
                "port_profile_id": "64b7673a2965341f6148b183"
              },
              {
                "aggregate_num_ports": 0,
                "name": "security.cam-patio",
                "native_network_id": "",
                "number": 4,
                "op_mode": "",
                "port_profile_id": "64b7673a2965341f6148b183"
              },
              {
                "aggregate_num_ports": 0,
                "name": "servers.hass",
                "native_network_id": "",
                "number": 23,
                "op_mode": "",
                "port_profile_id": "652550fe5f1a5522c2bb65f0"
              },
              {
                "aggregate_num_ports": 0,
                "name": "servers.host",
                "native_network_id": "",
                "number": 24,
                "op_mode": "",
                "port_profile_id": "64b7673a2965341f6148b188"
              },
              {
                "aggregate_num_ports": 0,
                "name": "servers.kiosk-poker",
                "native_network_id": "",
                "number": 12,
                "op_mode": "",
                "port_profile_id": "64b7673a2965341f6148b188"
              },
              {
                "aggregate_num_ports": 0,
                "name": "standard.printer",
                "native_network_id": "",
                "number": 7,
                "op_mode": "",
                "port_profile_id": "64b7673a2965341f6148b185"
              },
              {
                "aggregate_num_ports": 2,
                "name": "security.nas",
                "native_network_id": "6125007e468c1f05a6298735",
                "number": 19,
                "op_mode": "aggregate",
                "port_profile_id": ""
              }
            ],
            "site": "default"
          },
          "sensitive_attributes": [],
          "private": "bnVsbA==",
          "dependencies": [
            "unifi_network.lans",
            "unifi_port_profile.network",
            "unifi_port_profile.ports"
          ]
        },
        {
          "index_key": "74:ac:b9:aa:af:9a",
          "schema_version": 0,
          "attributes": {
            "allow_adoption": true,
            "disabled": false,
            "forget_on_destroy": true,
            "id": "60b84f80bcd92314cf35fc2f",
            "mac": "74:ac:b9:aa:af:9a",
            "name": "switch-spare-1",
            "port_override": [],
            "site": "default"
          },
          "sensitive_attributes": [],
          "private": "bnVsbA==",
          "dependencies": [
            "unifi_network.lans",
            "unifi_port_profile.network",
            "unifi_port_profile.ports"
          ]
        },
        {
          "index_key": "74:ac:b9:ab:a6:b6",
          "schema_version": 0,
          "attributes": {
            "allow_adoption": true,
            "disabled": false,
            "forget_on_destroy": true,
            "id": "613b54d32285e305993d1e0c",
            "mac": "74:ac:b9:ab:a6:b6",
            "name": "switch-spare-fe-1",
            "port_override": [],
            "site": "default"
          },
          "sensitive_attributes": [],
          "private": "bnVsbA==",
          "dependencies": [
            "unifi_network.lans",
            "unifi_port_profile.network",
            "unifi_port_profile.ports"
          ]
        },
        {
          "index_key": "74:ac:b9:e5:b3:9e",
          "schema_version": 0,
          "attributes": {
            "allow_adoption": true,
            "disabled": false,
            "forget_on_destroy": true,
            "id": "63fba1076ab0f1407c8cf5b3",
            "mac": "74:ac:b9:e5:b3:9e",
            "name": "gateway",
            "port_override": [],
            "site": "default"
          },
          "sensitive_attributes": [],
          "private": "bnVsbA==",
          "dependencies": [
            "unifi_network.lans",
            "unifi_port_profile.network",
            "unifi_port_profile.ports"
          ]
        },
        {
          "index_key": "e0:63:da:3c:37:96",
          "schema_version": 0,
          "attributes": {
            "allow_adoption": true,
            "disabled": false,
            "forget_on_destroy": true,
            "id": "611806296d793b08ae7c9da1",
            "mac": "e0:63:da:3c:37:96",
            "name": "wap-master",
            "port_override": [],
            "site": "default"
          },
          "sensitive_attributes": [],
          "private": "bnVsbA==",
          "dependencies": [
            "unifi_network.lans",
            "unifi_port_profile.network",
            "unifi_port_profile.ports"
          ]
        },
        {
          "index_key": "f0:9f:c2:33:41:b1",
          "schema_version": 0,
          "attributes": {
            "allow_adoption": true,
            "disabled": false,
            "forget_on_destroy": true,
            "id": "61184e023542f705a95aab72",
            "mac": "f0:9f:c2:33:41:b1",
            "name": "wap-library",
            "port_override": [],
            "site": "default"
          },
          "sensitive_attributes": [],
          "private": "bnVsbA==",
          "dependencies": [
            "unifi_network.lans",
            "unifi_port_profile.network",
            "unifi_port_profile.ports"
          ]
        },
        {
          "index_key": "fc:ec:da:f0:cd:9e",
          "schema_version": 0,
          "attributes": {
            "allow_adoption": true,
            "disabled": false,
            "forget_on_destroy": true,
            "id": "61184e023542f705a95aab71",
            "mac": "fc:ec:da:f0:cd:9e",
            "name": "wap-basement",
            "port_override": [],
            "site": "default"
          },
          "sensitive_attributes": [],
          "private": "bnVsbA==",
          "dependencies": [
            "unifi_network.lans",
            "unifi_port_profile.network",
            "unifi_port_profile.ports"
          ]
        }
      ]
    },
    {
      "mode": "managed",
      "type": "unifi_network",
      "name": "lans",
      "provider": "provider[\"registry.terraform.io/akerl/unifi\"]",
      "instances": [
        {
          "index_key": "Gaming",
          "schema_version": 0,
          "attributes": {
            "dhcp_dns": [
              "8.8.8.8",
              "8.8.4.4"
            ],
            "dhcp_enabled": true,
            "dhcp_lease": 86400,
            "dhcp_relay_enabled": false,
            "dhcp_start": "172.16.20.200",
            "dhcp_stop": "172.16.20.250",
            "dhcp_v6_dns": [],
            "dhcp_v6_dns_auto": true,
            "dhcp_v6_enabled": false,
            "dhcp_v6_lease": 86400,
            "dhcp_v6_start": "::2",
            "dhcp_v6_stop": "::7d1",
            "dhcpd_boot_enabled": false,
            "dhcpd_boot_filename": "",
            "dhcpd_boot_server": "",
            "domain_name": "gaming.home.a-rwx.org",
            "id": "60b85237bcd92314cf35fcba",
            "igmp_snooping": false,
            "internet_access_enabled": true,
            "ipv6_interface_type": "none",
            "ipv6_pd_interface": "",
            "ipv6_pd_prefixid": "",
            "ipv6_pd_start": "::2",
            "ipv6_pd_stop": "::7d1",
            "ipv6_ra_enable": false,
            "ipv6_ra_preferred_lifetime": 14400,
            "ipv6_ra_priority": "high",
            "ipv6_ra_valid_lifetime": 86400,
            "ipv6_static_subnet": "",
            "multicast_dns": false,
            "name": "Gaming",
            "network_group": "LAN",
            "network_isolation_enabled": false,
            "purpose": "corporate",
            "site": "default",
            "subnet": "172.16.20.0/24",
            "vlan_id": 720,
            "wan_dhcp_v6_pd_size": 0,
            "wan_dns": [],
            "wan_egress_qos": 0,
            "wan_gateway": "",
            "wan_gateway_v6": "",
            "wan_ip": "",
            "wan_ipv6": "",
            "wan_netmask": "",
            "wan_networkgroup": "",
            "wan_prefixlen": 0,
            "wan_type": "",
            "wan_type_v6": "",
            "wan_username": "",
            "x_wan_password": ""
          },
          "sensitive_attributes": [],
          "private": "bnVsbA=="
        },
        {
          "index_key": "Guest",
          "schema_version": 0,
          "attributes": {
            "dhcp_dns": [
              "8.8.8.8",
              "8.8.4.4"
            ],
            "dhcp_enabled": true,
            "dhcp_lease": 86400,
            "dhcp_relay_enabled": false,
            "dhcp_start": "192.168.99.200",
            "dhcp_stop": "192.168.99.250",
            "dhcp_v6_dns": [],
            "dhcp_v6_dns_auto": true,
            "dhcp_v6_enabled": false,
            "dhcp_v6_lease": 86400,
            "dhcp_v6_start": "::2",
            "dhcp_v6_stop": "::7d1",
            "dhcpd_boot_enabled": false,
            "dhcpd_boot_filename": "",
            "dhcpd_boot_server": "",
            "domain_name": "guest.home.a-rwx.org",
            "id": "60b8520fbcd92314cf35fcb8",
            "igmp_snooping": false,
            "internet_access_enabled": true,
            "ipv6_interface_type": "none",
            "ipv6_pd_interface": "",
            "ipv6_pd_prefixid": "",
            "ipv6_pd_start": "::2",
            "ipv6_pd_stop": "::7d1",
            "ipv6_ra_enable": false,
            "ipv6_ra_preferred_lifetime": 14400,
            "ipv6_ra_priority": "high",
            "ipv6_ra_valid_lifetime": 86400,
            "ipv6_static_subnet": "",
            "multicast_dns": false,
            "name": "Guest",
            "network_group": "LAN",
            "network_isolation_enabled": false,
            "purpose": "corporate",
            "site": "default",
            "subnet": "192.168.99.0/24",
            "vlan_id": 999,
            "wan_dhcp_v6_pd_size": 0,
            "wan_dns": [],
            "wan_egress_qos": 0,
            "wan_gateway": "",
            "wan_gateway_v6": "",
            "wan_ip": "",
            "wan_ipv6": "",
            "wan_netmask": "",
            "wan_networkgroup": "",
            "wan_prefixlen": 0,
            "wan_type": "",
            "wan_type_v6": "",
            "wan_username": "",
            "x_wan_password": ""
          },
          "sensitive_attributes": [],
          "private": "bnVsbA=="
        },
        {
          "index_key": "Infra",
          "schema_version": 0,
          "attributes": {
            "dhcp_dns": [
              "8.8.8.8",
              "8.8.4.4"
            ],
            "dhcp_enabled": true,
            "dhcp_lease": 86400,
            "dhcp_relay_enabled": false,
            "dhcp_start": "10.0.0.150",
            "dhcp_stop": "10.0.0.250",
            "dhcp_v6_dns": [],
            "dhcp_v6_dns_auto": true,
            "dhcp_v6_enabled": false,
            "dhcp_v6_lease": 86400,
            "dhcp_v6_start": "::2",
            "dhcp_v6_stop": "::7d1",
            "dhcpd_boot_enabled": false,
            "dhcpd_boot_filename": "",
            "dhcpd_boot_server": "",
            "domain_name": "infra.home.a-rwx.org",
            "id": "60b8489a589c1a069f2682e3",
            "igmp_snooping": false,
            "internet_access_enabled": true,
            "ipv6_interface_type": "none",
            "ipv6_pd_interface": "",
            "ipv6_pd_prefixid": "",
            "ipv6_pd_start": "::2",
            "ipv6_pd_stop": "::7d1",
            "ipv6_ra_enable": false,
            "ipv6_ra_preferred_lifetime": 14400,
            "ipv6_ra_priority": "high",
            "ipv6_ra_valid_lifetime": 86400,
            "ipv6_static_subnet": "",
            "multicast_dns": false,
            "name": "Infra",
            "network_group": "LAN",
            "network_isolation_enabled": false,
            "purpose": "corporate",
            "site": "default",
            "subnet": "10.0.0.0/24",
            "vlan_id": 0,
            "wan_dhcp_v6_pd_size": 0,
            "wan_dns": [],
            "wan_egress_qos": 0,
            "wan_gateway": "",
            "wan_gateway_v6": "",
            "wan_ip": "",
            "wan_ipv6": "",
            "wan_netmask": "",
            "wan_networkgroup": "",
            "wan_prefixlen": 0,
            "wan_type": "",
            "wan_type_v6": "",
            "wan_username": "",
            "x_wan_password": ""
          },
          "sensitive_attributes": [],
          "private": "bnVsbA=="
        },
        {
          "index_key": "IoT",
          "schema_version": 0,
          "attributes": {
            "dhcp_dns": [
              "8.8.8.8",
              "8.8.4.4"
            ],
            "dhcp_enabled": true,
            "dhcp_lease": 86400,
            "dhcp_relay_enabled": false,
            "dhcp_start": "172.16.3.200",
            "dhcp_stop": "172.16.3.250",
            "dhcp_v6_dns": [],
            "dhcp_v6_dns_auto": true,
            "dhcp_v6_enabled": false,
            "dhcp_v6_lease": 86400,
            "dhcp_v6_start": "::2",
            "dhcp_v6_stop": "::7d1",
            "dhcpd_boot_enabled": false,
            "dhcpd_boot_filename": "",
            "dhcpd_boot_server": "",
            "domain_name": "iot.home.a-rwx.org",
            "id": "60b85264bcd92314cf35fcbc",
            "igmp_snooping": false,
            "internet_access_enabled": true,
            "ipv6_interface_type": "none",
            "ipv6_pd_interface": "",
            "ipv6_pd_prefixid": "",
            "ipv6_pd_start": "::2",
            "ipv6_pd_stop": "::7d1",
            "ipv6_ra_enable": false,
            "ipv6_ra_preferred_lifetime": 14400,
            "ipv6_ra_priority": "high",
            "ipv6_ra_valid_lifetime": 86400,
            "ipv6_static_subnet": "",
            "multicast_dns": true,
            "name": "IoT",
            "network_group": "LAN",
            "network_isolation_enabled": false,
            "purpose": "corporate",
            "site": "default",
            "subnet": "172.16.0.0/22",
            "vlan_id": 700,
            "wan_dhcp_v6_pd_size": 0,
            "wan_dns": [],
            "wan_egress_qos": 0,
            "wan_gateway": "",
            "wan_gateway_v6": "",
            "wan_ip": "",
            "wan_ipv6": "",
            "wan_netmask": "",
            "wan_networkgroup": "",
            "wan_prefixlen": 0,
            "wan_type": "",
            "wan_type_v6": "",
            "wan_username": "",
            "x_wan_password": ""
          },
          "sensitive_attributes": [],
          "private": "bnVsbA=="
        },
        {
          "index_key": "Security",
          "schema_version": 0,
          "attributes": {
            "dhcp_dns": [
              "8.8.8.8",
              "8.8.4.4"
            ],
            "dhcp_enabled": true,
            "dhcp_lease": 86400,
            "dhcp_relay_enabled": false,
            "dhcp_start": "10.0.2.200",
            "dhcp_stop": "10.0.2.250",
            "dhcp_v6_dns": [],
            "dhcp_v6_dns_auto": true,
            "dhcp_v6_enabled": false,
            "dhcp_v6_lease": 86400,
            "dhcp_v6_start": "::2",
            "dhcp_v6_stop": "::7d1",
            "dhcpd_boot_enabled": false,
            "dhcpd_boot_filename": "",
            "dhcpd_boot_server": "",
            "domain_name": "security.home.a-rwx.org",
            "id": "6125007e468c1f05a6298735",
            "igmp_snooping": false,
            "internet_access_enabled": true,
            "ipv6_interface_type": "none",
            "ipv6_pd_interface": "",
            "ipv6_pd_prefixid": "",
            "ipv6_pd_start": "::2",
            "ipv6_pd_stop": "::7d1",
            "ipv6_ra_enable": false,
            "ipv6_ra_preferred_lifetime": 14400,
            "ipv6_ra_priority": "high",
            "ipv6_ra_valid_lifetime": 86400,
            "ipv6_static_subnet": "",
            "multicast_dns": false,
            "name": "Security",
            "network_group": "LAN",
            "network_isolation_enabled": false,
            "purpose": "corporate",
            "site": "default",
            "subnet": "10.0.2.0/24",
            "vlan_id": 102,
            "wan_dhcp_v6_pd_size": 0,
            "wan_dns": [],
            "wan_egress_qos": 0,
            "wan_gateway": "",
            "wan_gateway_v6": "",
            "wan_ip": "",
            "wan_ipv6": "",
            "wan_netmask": "",
            "wan_networkgroup": "",
            "wan_prefixlen": 0,
            "wan_type": "",
            "wan_type_v6": "",
            "wan_username": "",
            "x_wan_password": ""
          },
          "sensitive_attributes": [],
          "private": "bnVsbA=="
        },
        {
          "index_key": "Servers",
          "schema_version": 0,
          "attributes": {
            "dhcp_dns": [
              "8.8.8.8",
              "8.8.4.4"
            ],
            "dhcp_enabled": true,
            "dhcp_lease": 86400,
            "dhcp_relay_enabled": false,
            "dhcp_start": "10.0.1.200",
            "dhcp_stop": "10.0.1.250",
            "dhcp_v6_dns": [],
            "dhcp_v6_dns_auto": true,
            "dhcp_v6_enabled": false,
            "dhcp_v6_lease": 86400,
            "dhcp_v6_start": "::2",
            "dhcp_v6_stop": "::7d1",
            "dhcpd_boot_enabled": false,
            "dhcpd_boot_filename": "",
            "dhcpd_boot_server": "",
            "domain_name": "servers.home.a-rwx.org",
            "id": "60b8528bbcd92314cf35fcbe",
            "igmp_snooping": false,
            "internet_access_enabled": true,
            "ipv6_interface_type": "none",
            "ipv6_pd_interface": "",
            "ipv6_pd_prefixid": "",
            "ipv6_pd_start": "::2",
            "ipv6_pd_stop": "::7d1",
            "ipv6_ra_enable": false,
            "ipv6_ra_preferred_lifetime": 14400,
            "ipv6_ra_priority": "high",
            "ipv6_ra_valid_lifetime": 86400,
            "ipv6_static_subnet": "",
            "multicast_dns": true,
            "name": "Servers",
            "network_group": "LAN",
            "network_isolation_enabled": false,
            "purpose": "corporate",
            "site": "default",
            "subnet": "10.0.1.0/24",
            "vlan_id": 101,
            "wan_dhcp_v6_pd_size": 0,
            "wan_dns": [],
            "wan_egress_qos": 0,
            "wan_gateway": "",
            "wan_gateway_v6": "",
            "wan_ip": "",
            "wan_ipv6": "",
            "wan_netmask": "",
            "wan_networkgroup": "",
            "wan_prefixlen": 0,
            "wan_type": "",
            "wan_type_v6": "",
            "wan_username": "",
            "x_wan_password": ""
          },
          "sensitive_attributes": [],
          "private": "bnVsbA=="
        },
        {
          "index_key": "Standard",
          "schema_version": 0,
          "attributes": {
            "dhcp_dns": [
              "8.8.8.8",
              "8.8.4.4"
            ],
            "dhcp_enabled": true,
            "dhcp_lease": 86400,
            "dhcp_relay_enabled": false,
            "dhcp_start": "192.168.1.200",
            "dhcp_stop": "192.168.1.250",
            "dhcp_v6_dns": [],
            "dhcp_v6_dns_auto": true,
            "dhcp_v6_enabled": false,
            "dhcp_v6_lease": 86400,
            "dhcp_v6_start": "::2",
            "dhcp_v6_stop": "::7d1",
            "dhcpd_boot_enabled": false,
            "dhcpd_boot_filename": "",
            "dhcpd_boot_server": "",
            "domain_name": "standard.home.a-rwx.org",
            "id": "60b851dbbcd92314cf35fcb3",
            "igmp_snooping": false,
            "internet_access_enabled": true,
            "ipv6_interface_type": "none",
            "ipv6_pd_interface": "",
            "ipv6_pd_prefixid": "",
            "ipv6_pd_start": "::2",
            "ipv6_pd_stop": "::7d1",
            "ipv6_ra_enable": false,
            "ipv6_ra_preferred_lifetime": 14400,
            "ipv6_ra_priority": "high",
            "ipv6_ra_valid_lifetime": 86400,
            "ipv6_static_subnet": "",
            "multicast_dns": true,
            "name": "Standard",
            "network_group": "LAN",
            "network_isolation_enabled": false,
            "purpose": "corporate",
            "site": "default",
            "subnet": "192.168.1.0/24",
            "vlan_id": 900,
            "wan_dhcp_v6_pd_size": 0,
            "wan_dns": [],
            "wan_egress_qos": 0,
            "wan_gateway": "",
            "wan_gateway_v6": "",
            "wan_ip": "",
            "wan_ipv6": "",
            "wan_netmask": "",
            "wan_networkgroup": "",
            "wan_prefixlen": 0,
            "wan_type": "",
            "wan_type_v6": "",
            "wan_username": "",
            "x_wan_password": ""
          },
          "sensitive_attributes": [],
          "private": "bnVsbA=="
        }
      ]
    },
    {
      "mode": "managed",
      "type": "unifi_network",
      "name": "wans",
      "provider": "provider[\"registry.terraform.io/akerl/unifi\"]",
      "instances": [
        {
          "index_key": "Shentel",
          "schema_version": 0,
          "attributes": {
            "dhcp_dns": [],
            "dhcp_enabled": false,
            "dhcp_lease": 86400,
            "dhcp_relay_enabled": false,
            "dhcp_start": "",
            "dhcp_stop": "",
            "dhcp_v6_dns": [],
            "dhcp_v6_dns_auto": true,
            "dhcp_v6_enabled": false,
            "dhcp_v6_lease": 86400,
            "dhcp_v6_start": "",
            "dhcp_v6_stop": "",
            "dhcpd_boot_enabled": false,
            "dhcpd_boot_filename": "",
            "dhcpd_boot_server": "",
            "domain_name": "",
            "id": "60b8489a589c1a069f2682e1",
            "igmp_snooping": false,
            "internet_access_enabled": true,
            "ipv6_interface_type": "none",
            "ipv6_pd_interface": "",
            "ipv6_pd_prefixid": "",
            "ipv6_pd_start": "",
            "ipv6_pd_stop": "",
            "ipv6_ra_enable": false,
            "ipv6_ra_preferred_lifetime": 14400,
            "ipv6_ra_priority": "",
            "ipv6_ra_valid_lifetime": 86400,
            "ipv6_static_subnet": "",
            "multicast_dns": false,
            "name": "Shentel",
            "network_group": "",
            "network_isolation_enabled": false,
            "purpose": "wan",
            "site": "default",
            "subnet": "",
            "vlan_id": 0,
            "wan_dhcp_v6_pd_size": 48,
            "wan_dns": [
              "8.8.8.8",
              "8.8.4.4"
            ],
            "wan_egress_qos": 0,
            "wan_gateway": "",
            "wan_gateway_v6": "",
            "wan_ip": "",
            "wan_ipv6": "",
            "wan_netmask": "",
            "wan_networkgroup": "WAN",
            "wan_prefixlen": 0,
            "wan_type": "dhcp",
            "wan_type_v6": "disabled",
            "wan_username": "",
            "x_wan_password": ""
          },
          "sensitive_attributes": [],
          "private": "bnVsbA=="
        },
        {
          "index_key": "Tello",
          "schema_version": 0,
          "attributes": {
            "dhcp_dns": [],
            "dhcp_enabled": false,
            "dhcp_lease": 86400,
            "dhcp_relay_enabled": false,
            "dhcp_start": "",
            "dhcp_stop": "",
            "dhcp_v6_dns": [],
            "dhcp_v6_dns_auto": true,
            "dhcp_v6_enabled": false,
            "dhcp_v6_lease": 86400,
            "dhcp_v6_start": "",
            "dhcp_v6_stop": "",
            "dhcpd_boot_enabled": false,
            "dhcpd_boot_filename": "",
            "dhcpd_boot_server": "",
            "domain_name": "",
            "id": "60b8489a589c1a069f2682e2",
            "igmp_snooping": false,
            "internet_access_enabled": true,
            "ipv6_interface_type": "none",
            "ipv6_pd_interface": "",
            "ipv6_pd_prefixid": "",
            "ipv6_pd_start": "",
            "ipv6_pd_stop": "",
            "ipv6_ra_enable": false,
            "ipv6_ra_preferred_lifetime": 14400,
            "ipv6_ra_priority": "",
            "ipv6_ra_valid_lifetime": 86400,
            "ipv6_static_subnet": "",
            "multicast_dns": false,
            "name": "Tello",
            "network_group": "",
            "network_isolation_enabled": false,
            "purpose": "wan",
            "site": "default",
            "subnet": "",
            "vlan_id": 0,
            "wan_dhcp_v6_pd_size": 48,
            "wan_dns": [
              "8.8.8.8",
              "8.8.4.4"
            ],
            "wan_egress_qos": 0,
            "wan_gateway": "",
            "wan_gateway_v6": "",
            "wan_ip": "",
            "wan_ipv6": "",
            "wan_netmask": "",
            "wan_networkgroup": "WAN2",
            "wan_prefixlen": 0,
            "wan_type": "dhcp",
            "wan_type_v6": "disabled",
            "wan_username": "",
            "x_wan_password": ""
          },
          "sensitive_attributes": [],
          "private": "bnVsbA=="
        }
      ]
    },
    {
      "mode": "managed",
      "type": "unifi_port_profile",
      "name": "network",
      "provider": "provider[\"registry.terraform.io/akerl/unifi\"]",
      "instances": [
        {
          "index_key": "Gaming",
          "schema_version": 0,
          "attributes": {
            "autoneg": true,
            "dot1x_ctrl": "force_authorized",
            "dot1x_idle_timeout": 300,
            "egress_rate_limit_kbps": 0,
            "egress_rate_limit_kbps_enabled": false,
            "excluded_networkconf_ids": [],
            "forward": "native",
            "full_duplex": false,
            "id": "64b7673a2965341f6148b186",
            "isolation": false,
            "lldpmed_enabled": true,
            "lldpmed_notify_enabled": false,
            "name": "Gaming",
            "native_networkconf_id": "60b85237bcd92314cf35fcba",
            "op_mode": "switch",
            "poe_mode": "auto",
            "port_security_enabled": false,
            "port_security_mac_address": [],
            "priority_queue1_level": 0,
            "priority_queue2_level": 0,
            "priority_queue3_level": 0,
            "priority_queue4_level": 0,
            "show_traffic_restriction_as_allowlist": false,
            "site": "default",
            "speed": 0,
            "stormctrl_bcast_enabled": false,
            "stormctrl_bcast_level": 0,
            "stormctrl_bcast_rate": 0,
            "stormctrl_mcast_enabled": false,
            "stormctrl_mcast_level": 0,
            "stormctrl_mcast_rate": 0,
            "stormctrl_type": "",
            "stormctrl_ucast_enabled": false,
            "stormctrl_ucast_level": 0,
            "stormctrl_ucast_rate": 0,
            "stp_port_mode": true,
            "voice_networkconf_id": ""
          },
          "sensitive_attributes": [],
          "private": "bnVsbA==",
          "dependencies": [
            "unifi_network.lans"
          ]
        },
        {
          "index_key": "Guest",
          "schema_version": 0,
          "attributes": {
            "autoneg": true,
            "dot1x_ctrl": "force_authorized",
            "dot1x_idle_timeout": 300,
            "egress_rate_limit_kbps": 0,
            "egress_rate_limit_kbps_enabled": false,
            "excluded_networkconf_ids": [],
            "forward": "native",
            "full_duplex": false,
            "id": "64b7673a2965341f6148b187",
            "isolation": false,
            "lldpmed_enabled": true,
            "lldpmed_notify_enabled": false,
            "name": "Guest",
            "native_networkconf_id": "60b8520fbcd92314cf35fcb8",
            "op_mode": "switch",
            "poe_mode": "auto",
            "port_security_enabled": false,
            "port_security_mac_address": [],
            "priority_queue1_level": 0,
            "priority_queue2_level": 0,
            "priority_queue3_level": 0,
            "priority_queue4_level": 0,
            "show_traffic_restriction_as_allowlist": false,
            "site": "default",
            "speed": 0,
            "stormctrl_bcast_enabled": false,
            "stormctrl_bcast_level": 0,
            "stormctrl_bcast_rate": 0,
            "stormctrl_mcast_enabled": false,
            "stormctrl_mcast_level": 0,
            "stormctrl_mcast_rate": 0,
            "stormctrl_type": "",
            "stormctrl_ucast_enabled": false,
            "stormctrl_ucast_level": 0,
            "stormctrl_ucast_rate": 0,
            "stp_port_mode": true,
            "voice_networkconf_id": ""
          },
          "sensitive_attributes": [],
          "private": "bnVsbA==",
          "dependencies": [
            "unifi_network.lans"
          ]
        },
        {
          "index_key": "Infra",
          "schema_version": 0,
          "attributes": {
            "autoneg": true,
            "dot1x_ctrl": "force_authorized",
            "dot1x_idle_timeout": 300,
            "egress_rate_limit_kbps": 0,
            "egress_rate_limit_kbps_enabled": false,
            "excluded_networkconf_ids": [],
            "forward": "customize",
            "full_duplex": false,
            "id": "64b7673a2965341f6148b189",
            "isolation": false,
            "lldpmed_enabled": true,
            "lldpmed_notify_enabled": false,
            "name": "Infra",
            "native_networkconf_id": "60b8489a589c1a069f2682e3",
            "op_mode": "switch",
            "poe_mode": "auto",
            "port_security_enabled": false,
            "port_security_mac_address": [],
            "priority_queue1_level": 0,
            "priority_queue2_level": 0,
            "priority_queue3_level": 0,
            "priority_queue4_level": 0,
            "show_traffic_restriction_as_allowlist": false,
            "site": "default",
            "speed": 0,
            "stormctrl_bcast_enabled": false,
            "stormctrl_bcast_level": 0,
            "stormctrl_bcast_rate": 0,
            "stormctrl_mcast_enabled": false,
            "stormctrl_mcast_level": 0,
            "stormctrl_mcast_rate": 0,
            "stormctrl_type": "",
            "stormctrl_ucast_enabled": false,
            "stormctrl_ucast_level": 0,
            "stormctrl_ucast_rate": 0,
            "stp_port_mode": true,
            "voice_networkconf_id": ""
          },
          "sensitive_attributes": [],
          "private": "bnVsbA==",
          "dependencies": [
            "unifi_network.lans"
          ]
        },
        {
          "index_key": "IoT",
          "schema_version": 0,
          "attributes": {
            "autoneg": true,
            "dot1x_ctrl": "force_authorized",
            "dot1x_idle_timeout": 300,
            "egress_rate_limit_kbps": 0,
            "egress_rate_limit_kbps_enabled": false,
            "excluded_networkconf_ids": [],
            "forward": "native",
            "full_duplex": false,
            "id": "64b7673a2965341f6148b184",
            "isolation": false,
            "lldpmed_enabled": true,
            "lldpmed_notify_enabled": false,
            "name": "IoT",
            "native_networkconf_id": "60b85264bcd92314cf35fcbc",
            "op_mode": "switch",
            "poe_mode": "auto",
            "port_security_enabled": false,
            "port_security_mac_address": [],
            "priority_queue1_level": 0,
            "priority_queue2_level": 0,
            "priority_queue3_level": 0,
            "priority_queue4_level": 0,
            "show_traffic_restriction_as_allowlist": false,
            "site": "default",
            "speed": 0,
            "stormctrl_bcast_enabled": false,
            "stormctrl_bcast_level": 0,
            "stormctrl_bcast_rate": 0,
            "stormctrl_mcast_enabled": false,
            "stormctrl_mcast_level": 0,
            "stormctrl_mcast_rate": 0,
            "stormctrl_type": "",
            "stormctrl_ucast_enabled": false,
            "stormctrl_ucast_level": 0,
            "stormctrl_ucast_rate": 0,
            "stp_port_mode": true,
            "voice_networkconf_id": ""
          },
          "sensitive_attributes": [],
          "private": "bnVsbA==",
          "dependencies": [
            "unifi_network.lans"
          ]
        },
        {
          "index_key": "Security",
          "schema_version": 0,
          "attributes": {
            "autoneg": true,
            "dot1x_ctrl": "force_authorized",
            "dot1x_idle_timeout": 300,
            "egress_rate_limit_kbps": 0,
            "egress_rate_limit_kbps_enabled": false,
            "excluded_networkconf_ids": [],
            "forward": "native",
            "full_duplex": false,
            "id": "64b7673a2965341f6148b183",
            "isolation": false,
            "lldpmed_enabled": true,
            "lldpmed_notify_enabled": false,
            "name": "Security",
            "native_networkconf_id": "6125007e468c1f05a6298735",
            "op_mode": "switch",
            "poe_mode": "auto",
            "port_security_enabled": false,
            "port_security_mac_address": [],
            "priority_queue1_level": 0,
            "priority_queue2_level": 0,
            "priority_queue3_level": 0,
            "priority_queue4_level": 0,
            "show_traffic_restriction_as_allowlist": false,
            "site": "default",
            "speed": 0,
            "stormctrl_bcast_enabled": false,
            "stormctrl_bcast_level": 0,
            "stormctrl_bcast_rate": 0,
            "stormctrl_mcast_enabled": false,
            "stormctrl_mcast_level": 0,
            "stormctrl_mcast_rate": 0,
            "stormctrl_type": "",
            "stormctrl_ucast_enabled": false,
            "stormctrl_ucast_level": 0,
            "stormctrl_ucast_rate": 0,
            "stp_port_mode": true,
            "voice_networkconf_id": ""
          },
          "sensitive_attributes": [],
          "private": "bnVsbA==",
          "dependencies": [
            "unifi_network.lans"
          ]
        },
        {
          "index_key": "Servers",
          "schema_version": 0,
          "attributes": {
            "autoneg": true,
            "dot1x_ctrl": "force_authorized",
            "dot1x_idle_timeout": 300,
            "egress_rate_limit_kbps": 0,
            "egress_rate_limit_kbps_enabled": false,
            "excluded_networkconf_ids": [],
            "forward": "native",
            "full_duplex": false,
            "id": "64b7673a2965341f6148b188",
            "isolation": false,
            "lldpmed_enabled": true,
            "lldpmed_notify_enabled": false,
            "name": "Servers",
            "native_networkconf_id": "60b8528bbcd92314cf35fcbe",
            "op_mode": "switch",
            "poe_mode": "auto",
            "port_security_enabled": false,
            "port_security_mac_address": [],
            "priority_queue1_level": 0,
            "priority_queue2_level": 0,
            "priority_queue3_level": 0,
            "priority_queue4_level": 0,
            "show_traffic_restriction_as_allowlist": false,
            "site": "default",
            "speed": 0,
            "stormctrl_bcast_enabled": false,
            "stormctrl_bcast_level": 0,
            "stormctrl_bcast_rate": 0,
            "stormctrl_mcast_enabled": false,
            "stormctrl_mcast_level": 0,
            "stormctrl_mcast_rate": 0,
            "stormctrl_type": "",
            "stormctrl_ucast_enabled": false,
            "stormctrl_ucast_level": 0,
            "stormctrl_ucast_rate": 0,
            "stp_port_mode": true,
            "voice_networkconf_id": ""
          },
          "sensitive_attributes": [],
          "private": "bnVsbA==",
          "dependencies": [
            "unifi_network.lans"
          ]
        },
        {
          "index_key": "Standard",
          "schema_version": 0,
          "attributes": {
            "autoneg": true,
            "dot1x_ctrl": "force_authorized",
            "dot1x_idle_timeout": 300,
            "egress_rate_limit_kbps": 0,
            "egress_rate_limit_kbps_enabled": false,
            "excluded_networkconf_ids": [],
            "forward": "native",
            "full_duplex": false,
            "id": "64b7673a2965341f6148b185",
            "isolation": false,
            "lldpmed_enabled": true,
            "lldpmed_notify_enabled": false,
            "name": "Standard",
            "native_networkconf_id": "60b851dbbcd92314cf35fcb3",
            "op_mode": "switch",
            "poe_mode": "auto",
            "port_security_enabled": false,
            "port_security_mac_address": [],
            "priority_queue1_level": 0,
            "priority_queue2_level": 0,
            "priority_queue3_level": 0,
            "priority_queue4_level": 0,
            "show_traffic_restriction_as_allowlist": false,
            "site": "default",
            "speed": 0,
            "stormctrl_bcast_enabled": false,
            "stormctrl_bcast_level": 0,
            "stormctrl_bcast_rate": 0,
            "stormctrl_mcast_enabled": false,
            "stormctrl_mcast_level": 0,
            "stormctrl_mcast_rate": 0,
            "stormctrl_type": "",
            "stormctrl_ucast_enabled": false,
            "stormctrl_ucast_level": 0,
            "stormctrl_ucast_rate": 0,
            "stp_port_mode": true,
            "voice_networkconf_id": ""
          },
          "sensitive_attributes": [],
          "private": "bnVsbA==",
          "dependencies": [
            "unifi_network.lans"
          ]
        }
      ]
    },
    {
      "mode": "managed",
      "type": "unifi_port_profile",
      "name": "ports",
      "provider": "provider[\"registry.terraform.io/akerl/unifi\"]",
      "instances": [
        {
          "index_key": "hass",
          "schema_version": 0,
          "attributes": {
            "autoneg": true,
            "dot1x_ctrl": "force_authorized",
            "dot1x_idle_timeout": 300,
            "egress_rate_limit_kbps": 0,
            "egress_rate_limit_kbps_enabled": false,
            "excluded_networkconf_ids": [
              "60b8489a589c1a069f2682e3",
              "60b851dbbcd92314cf35fcb3",
              "60b8520fbcd92314cf35fcb8",
              "60b85237bcd92314cf35fcba",
              "6125007e468c1f05a6298735"
            ],
            "forward": "customize",
            "full_duplex": false,
            "id": "652550fe5f1a5522c2bb65f0",
            "isolation": false,
            "lldpmed_enabled": true,
            "lldpmed_notify_enabled": false,
            "name": "hass",
            "native_networkconf_id": "60b8528bbcd92314cf35fcbe",
            "op_mode": "switch",
            "poe_mode": "auto",
            "port_security_enabled": false,
            "port_security_mac_address": [],
            "priority_queue1_level": 0,
            "priority_queue2_level": 0,
            "priority_queue3_level": 0,
            "priority_queue4_level": 0,
            "show_traffic_restriction_as_allowlist": true,
            "site": "default",
            "speed": 0,
            "stormctrl_bcast_enabled": false,
            "stormctrl_bcast_level": 0,
            "stormctrl_bcast_rate": 0,
            "stormctrl_mcast_enabled": false,
            "stormctrl_mcast_level": 0,
            "stormctrl_mcast_rate": 0,
            "stormctrl_type": "",
            "stormctrl_ucast_enabled": false,
            "stormctrl_ucast_level": 0,
            "stormctrl_ucast_rate": 0,
            "stp_port_mode": true,
            "voice_networkconf_id": ""
          },
          "sensitive_attributes": [],
          "private": "bnVsbA==",
          "dependencies": [
            "unifi_network.lans"
          ]
        }
      ]
    },
    {
      "mode": "managed",
      "type": "unifi_user",
      "name": "clients",
      "provider": "provider[\"registry.terraform.io/akerl/unifi\"]",
      "instances": [
        {
          "index_key": "00:06:78:6f:0a:d4",
          "schema_version": 0,
          "attributes": {
            "allow_existing": true,
            "blocked": false,
            "dev_id_override": 0,
            "fixed_ip": "172.16.0.6",
            "hostname": "Theater-----------------------",
            "id": "61e8f66a9f4cbf6f7f044d2e",
            "ip": "172.16.0.6",
            "local_dns_record": "",
            "mac": "00:06:78:6f:0a:d4",
            "name": "iot.receiver-theatre",
            "network_id": "",
            "note": "",
            "site": "default",
            "skip_forget_on_destroy": false,
            "user_group_id": ""
          },
          "sensitive_attributes": [],
          "private": "bnVsbA=="
        },
        {
          "index_key": "00:0e:c6:62:e8:16",
          "schema_version": 0,
          "attributes": {
            "allow_existing": true,
            "blocked": false,
            "dev_id_override": 0,
            "fixed_ip": "192.168.1.100",
            "hostname": "",
            "id": "6212a28335f87505a98c5ca7",
            "ip": "192.168.1.100",
            "local_dns_record": "",
            "mac": "00:0e:c6:62:e8:16",
            "name": "standard.kelly-switch-wired",
            "network_id": "",
            "note": "",
            "site": "default",
            "skip_forget_on_destroy": false,
            "user_group_id": ""
          },
          "sensitive_attributes": [],
          "private": "bnVsbA=="
        },
        {
          "index_key": "00:11:32:ef:2b:cd",
          "schema_version": 0,
          "attributes": {
            "allow_existing": true,
            "blocked": false,
            "dev_id_override": 0,
            "fixed_ip": "10.0.1.150",
            "hostname": "nas",
            "id": "611721666d793b08ae7c66e8",
            "ip": "10.0.1.150",
            "local_dns_record": "",
            "mac": "00:11:32:ef:2b:cd",
            "name": "servers.nas",
            "network_id": "",
            "note": "",
            "site": "default",
            "skip_forget_on_destroy": false,
            "user_group_id": ""
          },
          "sensitive_attributes": [],
          "private": "bnVsbA=="
        },
        {
          "index_key": "00:11:32:ef:2b:ce",
          "schema_version": 0,
          "attributes": {
            "allow_existing": true,
            "blocked": false,
            "dev_id_override": 0,
            "fixed_ip": "10.0.2.2",
            "hostname": "nas",
            "id": "61b6a87c9f4cbf319ae0ba9c",
            "ip": "10.0.2.2",
            "local_dns_record": "",
            "mac": "00:11:32:ef:2b:ce",
            "name": "security.nas",
            "network_id": "",
            "note": "",
            "site": "default",
            "skip_forget_on_destroy": false,
            "user_group_id": ""
          },
          "sensitive_attributes": [],
          "private": "bnVsbA=="
        },
        {
          "index_key": "00:23:24:78:34:7a",
          "schema_version": 0,
          "attributes": {
            "allow_existing": true,
            "blocked": false,
            "dev_id_override": 0,
            "fixed_ip": "10.0.1.92",
            "hostname": "kiosk-poker",
            "id": "64ffaaae2550e408914866fd",
            "ip": "10.0.1.92",
            "local_dns_record": "",
            "mac": "00:23:24:78:34:7a",
            "name": "servers.kiosk-poker",
            "network_id": "",
            "note": "",
            "site": "default",
            "skip_forget_on_destroy": false,
            "user_group_id": ""
          },
          "sensitive_attributes": [],
          "private": "bnVsbA=="
        },
        {
          "index_key": "00:23:24:96:ba:c0",
          "schema_version": 0,
          "attributes": {
            "allow_existing": true,
            "blocked": false,
            "dev_id_override": 0,
            "fixed_ip": "10.0.1.91",
            "hostname": "kiosk-office",
            "id": "64ffb6532550e408914873a8",
            "ip": "10.0.1.91",
            "local_dns_record": "",
            "mac": "00:23:24:96:ba:c0",
            "name": "servers.kiosk-office",
            "network_id": "",
            "note": "",
            "site": "default",
            "skip_forget_on_destroy": false,
            "user_group_id": ""
          },
          "sensitive_attributes": [],
          "private": "bnVsbA=="
        },
        {
          "index_key": "00:55:da:59:f9:fa",
          "schema_version": 0,
          "attributes": {
            "allow_existing": true,
            "blocked": false,
            "dev_id_override": 0,
            "fixed_ip": "172.16.0.13",
            "hostname": "",
            "id": "6306aea0c1007b07209af318",
            "ip": "172.16.0.13",
            "local_dns_record": "",
            "mac": "00:55:da:59:f9:fa",
            "name": "iot.nanoleaf",
            "network_id": "",
            "note": "",
            "site": "default",
            "skip_forget_on_destroy": false,
            "user_group_id": ""
          },
          "sensitive_attributes": [],
          "private": "bnVsbA=="
        },
        {
          "index_key": "00:e4:21:9e:1a:8f",
          "schema_version": 0,
          "attributes": {
            "allow_existing": true,
            "blocked": false,
            "dev_id_override": 0,
            "fixed_ip": "172.16.20.10",
            "hostname": "",
            "id": "61e8f66a9f4cbf6f7f044d2f",
            "ip": "172.16.20.10",
            "local_dns_record": "",
            "mac": "00:e4:21:9e:1a:8f",
            "name": "gaming.ps5",
            "network_id": "",
            "note": "",
            "site": "default",
            "skip_forget_on_destroy": false,
            "user_group_id": ""
          },
          "sensitive_attributes": [],
          "private": "bnVsbA=="
        },
        {
          "index_key": "02:df:8f:87:dd:f8",
          "schema_version": 0,
          "attributes": {
            "allow_existing": true,
            "blocked": false,
            "dev_id_override": 0,
            "fixed_ip": "192.168.1.11",
            "hostname": "",
            "id": "647e854d42814836fe860738",
            "ip": "192.168.1.11",
            "local_dns_record": "",
            "mac": "02:df:8f:87:dd:f8",
            "name": "standard.szeth",
            "network_id": "",
            "note": "",
            "site": "default",
            "skip_forget_on_destroy": false,
            "user_group_id": ""
          },
          "sensitive_attributes": [],
          "private": "bnVsbA=="
        },
        {
          "index_key": "08:91:15:e1:1c:f5",
          "schema_version": 0,
          "attributes": {
            "allow_existing": true,
            "blocked": false,
            "dev_id_override": 0,
            "fixed_ip": "172.16.0.16",
            "hostname": "",
            "id": "63c03b9fe4e3ac067e7797c7",
            "ip": "",
            "local_dns_record": "",
            "mac": "08:91:15:e1:1c:f5",
            "name": "iot.akerl-oasis",
            "network_id": "",
            "note": "",
            "site": "default",
            "skip_forget_on_destroy": false,
            "user_group_id": ""
          },
          "sensitive_attributes": [],
          "private": "bnVsbA=="
        },
        {
          "index_key": "18:74:2e:22:21:be",
          "schema_version": 0,
          "attributes": {
            "allow_existing": true,
            "blocked": false,
            "dev_id_override": 0,
            "fixed_ip": "172.16.1.40",
            "hostname": "amazon-36e71f7e1",
            "id": "60e9cca138c16f72aa2bfb9b",
            "ip": "172.16.1.40",
            "local_dns_record": "",
            "mac": "18:74:2e:22:21:be",
            "name": "iot.echo-basement",
            "network_id": "",
            "note": "",
            "site": "default",
            "skip_forget_on_destroy": false,
            "user_group_id": ""
          },
          "sensitive_attributes": [],
          "private": "bnVsbA=="
        },
        {
          "index_key": "18:9b:a5:d4:01:2d",
          "schema_version": 0,
          "attributes": {
            "allow_existing": true,
            "blocked": false,
            "dev_id_override": 0,
            "fixed_ip": "172.16.0.3",
            "hostname": "VRROOM-01",
            "id": "632d9bc17870e5072084cc81",
            "ip": "",
            "local_dns_record": "",
            "mac": "18:9b:a5:d4:01:2d",
            "name": "iot.vrroom",
            "network_id": "",
            "note": "",
            "site": "default",
            "skip_forget_on_destroy": false,
            "user_group_id": ""
          },
          "sensitive_attributes": [],
          "private": "bnVsbA=="
        },
        {
          "index_key": "18:b4:30:fe:13:0f",
          "schema_version": 0,
          "attributes": {
            "allow_existing": true,
            "blocked": false,
            "dev_id_override": 0,
            "fixed_ip": "172.16.1.27",
            "hostname": "Nest-Connect-130F",
            "id": "6161a8b72285e30596a481bf",
            "ip": "172.16.1.27",
            "local_dns_record": "",
            "mac": "18:b4:30:fe:13:0f",
            "name": "iot.nestconnect-1",
            "network_id": "",
            "note": "",
            "site": "default",
            "skip_forget_on_destroy": false,
            "user_group_id": ""
          },
          "sensitive_attributes": [],
          "private": "bnVsbA=="
        },
        {
          "index_key": "1c:69:7a:67:79:7f",
          "schema_version": 0,
          "attributes": {
            "allow_existing": true,
            "blocked": false,
            "dev_id_override": 0,
            "fixed_ip": "10.0.1.80",
            "hostname": "hass",
            "id": "60f22bfa38c16f03fed8256f",
            "ip": "10.0.1.80",
            "local_dns_record": "",
            "mac": "1c:69:7a:67:79:7f",
            "name": "servers.hass",
            "network_id": "",
            "note": "",
            "site": "default",
            "skip_forget_on_destroy": false,
            "user_group_id": ""
          },
          "sensitive_attributes": [],
          "private": "bnVsbA=="
        },
        {
          "index_key": "1c:69:7a:67:79:80",
          "schema_version": 0,
          "attributes": {
            "allow_existing": true,
            "blocked": false,
            "dev_id_override": 0,
            "fixed_ip": "172.16.1.1",
            "hostname": "hass",
            "id": "65254d3f5f1a5522c2bb6260",
            "ip": "172.16.1.1",
            "local_dns_record": "",
            "mac": "1c:69:7a:67:79:80",
            "name": "iot.hass",
            "network_id": "",
            "note": "",
            "site": "default",
            "skip_forget_on_destroy": false,
            "user_group_id": ""
          },
          "sensitive_attributes": [],
          "private": "bnVsbA=="
        },
        {
          "index_key": "1c:69:7a:aa:a7:74",
          "schema_version": 0,
          "attributes": {
            "allow_existing": true,
            "blocked": false,
            "dev_id_override": 0,
            "fixed_ip": "192.168.1.16",
            "hostname": "philote.standard.home.a-rwx.org",
            "id": "61b91c549f4cbf319ae216b9",
            "ip": "",
            "local_dns_record": "",
            "mac": "1c:69:7a:aa:a7:74",
            "name": "standard.philote",
            "network_id": "",
            "note": "",
            "site": "default",
            "skip_forget_on_destroy": false,
            "user_group_id": ""
          },
          "sensitive_attributes": [],
          "private": "bnVsbA=="
        },
        {
          "index_key": "20:0b:cf:9b:12:bd",
          "schema_version": 0,
          "attributes": {
            "allow_existing": true,
            "blocked": false,
            "dev_id_override": 0,
            "fixed_ip": "192.168.1.21",
            "hostname": "",
            "id": "64b763b62965341f6148af0c",
            "ip": "",
            "local_dns_record": "",
            "mac": "20:0b:cf:9b:12:bd",
            "name": "standard.switch",
            "network_id": "",
            "note": "",
            "site": "default",
            "skip_forget_on_destroy": false,
            "user_group_id": ""
          },
          "sensitive_attributes": [],
          "private": "bnVsbA=="
        },
        {
          "index_key": "24:5a:4c:59:85:18",
          "schema_version": 0,
          "attributes": {
            "allow_existing": true,
            "blocked": false,
            "dev_id_override": 0,
            "fixed_ip": "10.0.0.20",
            "hostname": "",
            "id": "64bf22e22965341f615028bb",
            "ip": "",
            "local_dns_record": "",
            "mac": "24:5a:4c:59:85:18",
            "name": "infra.switch-theatre",
            "network_id": "",
            "note": "",
            "site": "default",
            "skip_forget_on_destroy": false,
            "user_group_id": ""
          },
          "sensitive_attributes": [],
          "private": "bnVsbA=="
        },
        {
          "index_key": "24:5a:4c:a2:c3:85",
          "schema_version": 0,
          "attributes": {
            "allow_existing": true,
            "blocked": false,
            "dev_id_override": 0,
            "fixed_ip": "10.0.0.2",
            "hostname": "",
            "id": "64bf22e12965341f615028aa",
            "ip": "",
            "local_dns_record": "",
            "mac": "24:5a:4c:a2:c3:85",
            "name": "infra.core",
            "network_id": "",
            "note": "",
            "site": "default",
            "skip_forget_on_destroy": false,
            "user_group_id": ""
          },
          "sensitive_attributes": [],
          "private": "bnVsbA=="
        },
        {
          "index_key": "24:6f:28:00:d6:58",
          "schema_version": 0,
          "attributes": {
            "allow_existing": true,
            "blocked": false,
            "dev_id_override": 0,
            "fixed_ip": "172.16.1.71",
            "hostname": "RestPlus00D65A",
            "id": "63162ff3c1007b0720a6d810",
            "ip": "172.16.1.71",
            "local_dns_record": "",
            "mac": "24:6f:28:00:d6:58",
            "name": "iot.hatch",
            "network_id": "",
            "note": "",
            "site": "default",
            "skip_forget_on_destroy": false,
            "user_group_id": ""
          },
          "sensitive_attributes": [],
          "private": "bnVsbA=="
        },
        {
          "index_key": "28:0f:eb:01:85:9c",
          "schema_version": 0,
          "attributes": {
            "allow_existing": true,
            "blocked": false,
            "dev_id_override": 0,
            "fixed_ip": "172.16.0.20",
            "hostname": "1232100-00-E--TG121244002T4P",
            "id": "61fc3e0bf574cf05a95fceb8",
            "ip": "172.16.0.20",
            "local_dns_record": "",
            "mac": "28:0f:eb:01:85:9c",
            "name": "iot.solar-gw-1",
            "network_id": "",
            "note": "",
            "site": "default",
            "skip_forget_on_destroy": false,
            "user_group_id": ""
          },
          "sensitive_attributes": [],
          "private": "bnVsbA=="
        },
        {
          "index_key": "28:0f:eb:10:91:09",
          "schema_version": 0,
          "attributes": {
            "allow_existing": true,
            "blocked": false,
            "dev_id_override": 0,
            "fixed_ip": "172.16.0.21",
            "hostname": "1232100-00-G--TG1213130019AW",
            "id": "61fc31cef574cf05a95fc698",
            "ip": "172.16.0.21",
            "local_dns_record": "",
            "mac": "28:0f:eb:10:91:09",
            "name": "iot.solar-gw-2",
            "network_id": "",
            "note": "",
            "site": "default",
            "skip_forget_on_destroy": false,
            "user_group_id": ""
          },
          "sensitive_attributes": [],
          "private": "bnVsbA=="
        },
        {
          "index_key": "2c:4d:54:4f:be:c3",
          "schema_version": 0,
          "attributes": {
            "allow_existing": true,
            "blocked": false,
            "dev_id_override": 0,
            "fixed_ip": "10.0.1.100",
            "hostname": "host",
            "id": "60bf9d8b119f1503ff25c1e2",
            "ip": "10.0.1.100",
            "local_dns_record": "",
            "mac": "2c:4d:54:4f:be:c3",
            "name": "servers.host",
            "network_id": "",
            "note": "",
            "site": "default",
            "skip_forget_on_destroy": false,
            "user_group_id": ""
          },
          "sensitive_attributes": [],
          "private": "bnVsbA=="
        },
        {
          "index_key": "34:d2:70:b7:7f:12",
          "schema_version": 0,
          "attributes": {
            "allow_existing": true,
            "blocked": false,
            "dev_id_override": 0,
            "fixed_ip": "172.16.1.41",
            "hostname": "amazon-c248295dd",
            "id": "60c8f24186ebc303ff668514",
            "ip": "172.16.1.41",
            "local_dns_record": "",
            "mac": "34:d2:70:b7:7f:12",
            "name": "iot.echo-kitchen",
            "network_id": "",
            "note": "",
            "site": "default",
            "skip_forget_on_destroy": false,
            "user_group_id": ""
          },
          "sensitive_attributes": [],
          "private": "bnVsbA=="
        },
        {
          "index_key": "38:22:e2:90:2e:64",
          "schema_version": 0,
          "attributes": {
            "allow_existing": true,
            "blocked": false,
            "dev_id_override": 0,
            "fixed_ip": "192.168.1.2",
            "hostname": "printer",
            "id": "6108924a38c16f03fede22e0",
            "ip": "192.168.1.2",
            "local_dns_record": "",
            "mac": "38:22:e2:90:2e:64",
            "name": "standard.printer",
            "network_id": "",
            "note": "",
            "site": "default",
            "skip_forget_on_destroy": false,
            "user_group_id": ""
          },
          "sensitive_attributes": [],
          "private": "bnVsbA=="
        },
        {
          "index_key": "3c:84:6a:66:93:80",
          "schema_version": 0,
          "attributes": {
            "allow_existing": true,
            "blocked": false,
            "dev_id_override": 0,
            "fixed_ip": "172.16.0.30",
            "hostname": "HS300",
            "id": "610f187938c16f03ff306012",
            "ip": "",
            "local_dns_record": "",
            "mac": "3c:84:6a:66:93:80",
            "name": "iot.power-shou",
            "network_id": "",
            "note": "",
            "site": "default",
            "skip_forget_on_destroy": false,
            "user_group_id": ""
          },
          "sensitive_attributes": [],
          "private": "bnVsbA=="
        },
        {
          "index_key": "3c:a6:f6:7b:45:c6",
          "schema_version": 0,
          "attributes": {
            "allow_existing": true,
            "blocked": false,
            "dev_id_override": 0,
            "fixed_ip": "192.168.1.101",
            "hostname": "iMac",
            "id": "63b108c8e4e3ac067e6a242b",
            "ip": "192.168.1.101",
            "local_dns_record": "",
            "mac": "3c:a6:f6:7b:45:c6",
            "name": "standard.kelly-imac",
            "network_id": "",
            "note": "",
            "site": "default",
            "skip_forget_on_destroy": false,
            "user_group_id": ""
          },
          "sensitive_attributes": [],
          "private": "bnVsbA=="
        },
        {
          "index_key": "3c:e9:0e:1e:99:8c",
          "schema_version": 0,
          "attributes": {
            "allow_existing": true,
            "blocked": false,
            "dev_id_override": 0,
            "fixed_ip": "172.16.0.44",
            "hostname": "Levoit-Humidifier",
            "id": "63bac0ece4e3ac067e72aace",
            "ip": "172.16.0.44",
            "local_dns_record": "",
            "mac": "3c:e9:0e:1e:99:8c",
            "name": "iot.rh-basement",
            "network_id": "",
            "note": "",
            "site": "default",
            "skip_forget_on_destroy": false,
            "user_group_id": ""
          },
          "sensitive_attributes": [],
          "private": "bnVsbA=="
        },
        {
          "index_key": "40:22:d8:4b:a2:f8",
          "schema_version": 0,
          "attributes": {
            "allow_existing": true,
            "blocked": false,
            "dev_id_override": 0,
            "fixed_ip": "172.16.0.43",
            "hostname": "Levoit-Humidifier",
            "id": "63bac185e4e3ac067e72ab2b",
            "ip": "172.16.0.43",
            "local_dns_record": "",
            "mac": "40:22:d8:4b:a2:f8",
            "name": "iot.rh-tea",
            "network_id": "",
            "note": "",
            "site": "default",
            "skip_forget_on_destroy": false,
            "user_group_id": ""
          },
          "sensitive_attributes": [],
          "private": "bnVsbA=="
        },
        {
          "index_key": "50:14:79:4f:ed:1d",
          "schema_version": 0,
          "attributes": {
            "allow_existing": true,
            "blocked": false,
            "dev_id_override": 0,
            "fixed_ip": "172.16.1.80",
            "hostname": "iRobot-EE7A5677AA274DBEA7EC788F",
            "id": "610ac0f838c16f03fedeb611",
            "ip": "172.16.1.80",
            "local_dns_record": "",
            "mac": "50:14:79:4f:ed:1d",
            "name": "iot.roomba-rover",
            "network_id": "",
            "note": "",
            "site": "default",
            "skip_forget_on_destroy": false,
            "user_group_id": ""
          },
          "sensitive_attributes": [],
          "private": "bnVsbA=="
        },
        {
          "index_key": "50:14:79:55:73:f5",
          "schema_version": 0,
          "attributes": {
            "allow_existing": true,
            "blocked": false,
            "dev_id_override": 0,
            "fixed_ip": "172.16.1.81",
            "hostname": "iRobot-8D313CF7E2964A03883D298E",
            "id": "62e1dc2a88c2f505bcfd49ee",
            "ip": "172.16.1.81",
            "local_dns_record": "",
            "mac": "50:14:79:55:73:f5",
            "name": "iot.roomba-spot",
            "network_id": "",
            "note": "",
            "site": "default",
            "skip_forget_on_destroy": false,
            "user_group_id": ""
          },
          "sensitive_attributes": [],
          "private": "bnVsbA=="
        },
        {
          "index_key": "50:f5:da:d4:00:e1",
          "schema_version": 0,
          "attributes": {
            "allow_existing": true,
            "blocked": false,
            "dev_id_override": 0,
            "fixed_ip": "172.16.1.43",
            "hostname": "amazon-c31c4fe56",
            "id": "60de548386ebc303ff69990b",
            "ip": "172.16.1.43",
            "local_dns_record": "",
            "mac": "50:f5:da:d4:00:e1",
            "name": "iot.echo-family",
            "network_id": "",
            "note": "",
            "site": "default",
            "skip_forget_on_destroy": false,
            "user_group_id": ""
          },
          "sensitive_attributes": [],
          "private": "bnVsbA=="
        },
        {
          "index_key": "52:54:3c:49:43:96",
          "schema_version": 0,
          "attributes": {
            "allow_existing": true,
            "blocked": false,
            "dev_id_override": 0,
            "fixed_ip": "10.0.1.117",
            "hostname": "cultivator",
            "id": "6494e2de846d094dbe42141e",
            "ip": "10.0.1.117",
            "local_dns_record": "",
            "mac": "52:54:3c:49:43:96",
            "name": "servers.cultivator",
            "network_id": "",
            "note": "",
            "site": "default",
            "skip_forget_on_destroy": false,
            "user_group_id": ""
          },
          "sensitive_attributes": [],
          "private": "bnVsbA=="
        },
        {
          "index_key": "52:54:51:ba:82:be",
          "schema_version": 0,
          "attributes": {
            "allow_existing": true,
            "blocked": false,
            "dev_id_override": 0,
            "fixed_ip": "10.0.1.115",
            "hostname": "grafana",
            "id": "62ee5ed856b95b0aa1e8e6b5",
            "ip": "10.0.1.115",
            "local_dns_record": "",
            "mac": "52:54:51:ba:82:be",
            "name": "servers.grafana",
            "network_id": "",
            "note": "",
            "site": "default",
            "skip_forget_on_destroy": false,
            "user_group_id": ""
          },
          "sensitive_attributes": [],
          "private": "bnVsbA=="
        },
        {
          "index_key": "52:54:5e:73:8e:d0",
          "schema_version": 0,
          "attributes": {
            "allow_existing": true,
            "blocked": false,
            "dev_id_override": 0,
            "fixed_ip": "10.0.1.114",
            "hostname": "metrics",
            "id": "62ee5ecf56b95b0aa1e8e6b4",
            "ip": "10.0.1.114",
            "local_dns_record": "",
            "mac": "52:54:5e:73:8e:d0",
            "name": "servers.metrics",
            "network_id": "",
            "note": "",
            "site": "default",
            "skip_forget_on_destroy": false,
            "user_group_id": ""
          },
          "sensitive_attributes": [],
          "private": "bnVsbA=="
        },
        {
          "index_key": "52:54:99:4f:1f:1c",
          "schema_version": 0,
          "attributes": {
            "allow_existing": true,
            "blocked": false,
            "dev_id_override": 0,
            "fixed_ip": "10.0.1.116",
            "hostname": "teslamate",
            "id": "6331e94bb9315b072bcaf1fc",
            "ip": "10.0.1.116",
            "local_dns_record": "",
            "mac": "52:54:99:4f:1f:1c",
            "name": "servers.teslamate",
            "network_id": "",
            "note": "",
            "site": "default",
            "skip_forget_on_destroy": false,
            "user_group_id": ""
          },
          "sensitive_attributes": [],
          "private": "bnVsbA=="
        },
        {
          "index_key": "52:54:a3:47:c5:88",
          "schema_version": 0,
          "attributes": {
            "allow_existing": true,
            "blocked": false,
            "dev_id_override": 0,
            "fixed_ip": "10.0.1.112",
            "hostname": "hub",
            "id": "62e219a456b95b0aa1e0deac",
            "ip": "10.0.1.112",
            "local_dns_record": "",
            "mac": "52:54:a3:47:c5:88",
            "name": "servers.hub",
            "network_id": "",
            "note": "",
            "site": "default",
            "skip_forget_on_destroy": false,
            "user_group_id": ""
          },
          "sensitive_attributes": [],
          "private": "bnVsbA=="
        },
        {
          "index_key": "52:54:a3:c2:40:f0",
          "schema_version": 0,
          "attributes": {
            "allow_existing": true,
            "blocked": false,
            "dev_id_override": 0,
            "fixed_ip": "10.0.1.118",
            "hostname": "unpoller",
            "id": "64c0120b2965341f61511737",
            "ip": "10.0.1.118",
            "local_dns_record": "",
            "mac": "52:54:a3:c2:40:f0",
            "name": "servers.unpoller",
            "network_id": "",
            "note": "",
            "site": "default",
            "skip_forget_on_destroy": false,
            "user_group_id": ""
          },
          "sensitive_attributes": [],
          "private": "bnVsbA=="
        },
        {
          "index_key": "52:54:a7:af:09:5c",
          "schema_version": 0,
          "attributes": {
            "allow_existing": true,
            "blocked": false,
            "dev_id_override": 0,
            "fixed_ip": "10.0.1.110",
            "hostname": "influxdb",
            "id": "62e2199456b95b0aa1e0deab",
            "ip": "10.0.1.110",
            "local_dns_record": "",
            "mac": "52:54:a7:af:09:5c",
            "name": "servers.influxdb",
            "network_id": "",
            "note": "",
            "site": "default",
            "skip_forget_on_destroy": false,
            "user_group_id": ""
          },
          "sensitive_attributes": [],
          "private": "bnVsbA=="
        },
        {
          "index_key": "52:54:b8:25:57:ec",
          "schema_version": 0,
          "attributes": {
            "allow_existing": true,
            "blocked": false,
            "dev_id_override": 0,
            "fixed_ip": "10.0.1.113",
            "hostname": "syslog",
            "id": "62eb0ac556b95b0aa1e6b86d",
            "ip": "10.0.1.113",
            "local_dns_record": "",
            "mac": "52:54:b8:25:57:ec",
            "name": "servers.syslog",
            "network_id": "",
            "note": "",
            "site": "default",
            "skip_forget_on_destroy": false,
            "user_group_id": ""
          },
          "sensitive_attributes": [],
          "private": "bnVsbA=="
        },
        {
          "index_key": "56:e0:49:65:73:eb",
          "schema_version": 0,
          "attributes": {
            "allow_existing": true,
            "blocked": false,
            "dev_id_override": 0,
            "fixed_ip": "192.168.1.10",
            "hostname": "",
            "id": "650f1ee4f0015012c3623465",
            "ip": "192.168.1.10",
            "local_dns_record": "",
            "mac": "56:e0:49:65:73:eb",
            "name": "standard.lift",
            "network_id": "",
            "note": "",
            "site": "default",
            "skip_forget_on_destroy": false,
            "user_group_id": ""
          },
          "sensitive_attributes": [],
          "private": "bnVsbA=="
        },
        {
          "index_key": "5c:85:7e:35:5b:b4",
          "schema_version": 0,
          "attributes": {
            "allow_existing": true,
            "blocked": false,
            "dev_id_override": 0,
            "fixed_ip": "192.168.1.13",
            "hostname": "wilson",
            "id": "635748995fc9db068f6923f5",
            "ip": "",
            "local_dns_record": "",
            "mac": "5c:85:7e:35:5b:b4",
            "name": "standard.wilson-wired",
            "network_id": "",
            "note": "",
            "site": "default",
            "skip_forget_on_destroy": false,
            "user_group_id": ""
          },
          "sensitive_attributes": [],
          "private": "bnVsbA=="
        },
        {
          "index_key": "5c:85:7e:35:5b:d2",
          "schema_version": 0,
          "attributes": {
            "allow_existing": true,
            "blocked": false,
            "dev_id_override": 0,
            "fixed_ip": "192.168.1.15",
            "hostname": "laker23-mac",
            "id": "6356ed245fc9db068f68d44b",
            "ip": "192.168.1.15",
            "local_dns_record": "",
            "mac": "5c:85:7e:35:5b:d2",
            "name": "standard.laker-mac-wired",
            "network_id": "",
            "note": "",
            "site": "default",
            "skip_forget_on_destroy": false,
            "user_group_id": ""
          },
          "sensitive_attributes": [],
          "private": "bnVsbA=="
        },
        {
          "index_key": "64:16:66:cf:15:ba",
          "schema_version": 0,
          "attributes": {
            "allow_existing": true,
            "blocked": false,
            "dev_id_override": 0,
            "fixed_ip": "172.16.1.112",
            "hostname": "",
            "id": "6495a5a7846d094dbe42963d",
            "ip": "172.16.1.112",
            "local_dns_record": "",
            "mac": "64:16:66:cf:15:ba",
            "name": "iot.smoke-gym",
            "network_id": "",
            "note": "",
            "site": "default",
            "skip_forget_on_destroy": false,
            "user_group_id": ""
          },
          "sensitive_attributes": [],
          "private": "bnVsbA=="
        },
        {
          "index_key": "64:16:66:df:03:80",
          "schema_version": 0,
          "attributes": {
            "allow_existing": true,
            "blocked": false,
            "dev_id_override": 0,
            "fixed_ip": "172.16.1.30",
            "hostname": "",
            "id": "62d8102f88c2f51254664b32",
            "ip": "172.16.1.30",
            "local_dns_record": "",
            "mac": "64:16:66:df:03:80",
            "name": "iot.nestcam-nursery",
            "network_id": "",
            "note": "",
            "site": "default",
            "skip_forget_on_destroy": false,
            "user_group_id": ""
          },
          "sensitive_attributes": [],
          "private": "bnVsbA=="
        },
        {
          "index_key": "64:d2:c4:a7:e4:01",
          "schema_version": 0,
          "attributes": {
            "allow_existing": true,
            "blocked": false,
            "dev_id_override": 0,
            "fixed_ip": "172.16.0.2",
            "hostname": "Living-Room",
            "id": "6123f40feafc5305899e1e1d",
            "ip": "172.16.0.2",
            "local_dns_record": "",
            "mac": "64:d2:c4:a7:e4:01",
            "name": "iot.appletv-family",
            "network_id": "",
            "note": "",
            "site": "default",
            "skip_forget_on_destroy": false,
            "user_group_id": ""
          },
          "sensitive_attributes": [],
          "private": "bnVsbA=="
        },
        {
          "index_key": "68:d7:9a:69:c2:cb",
          "schema_version": 0,
          "attributes": {
            "allow_existing": true,
            "blocked": false,
            "dev_id_override": 0,
            "fixed_ip": "10.0.0.21",
            "hostname": "",
            "id": "64bf22e12965341f615028b2",
            "ip": "",
            "local_dns_record": "",
            "mac": "68:d7:9a:69:c2:cb",
            "name": "infra.switch-family",
            "network_id": "",
            "note": "",
            "site": "default",
            "skip_forget_on_destroy": false,
            "user_group_id": ""
          },
          "sensitive_attributes": [],
          "private": "bnVsbA=="
        },
        {
          "index_key": "68:d7:9a:69:c2:e7",
          "schema_version": 0,
          "attributes": {
            "allow_existing": true,
            "blocked": false,
            "dev_id_override": 0,
            "fixed_ip": "10.0.0.24",
            "hostname": "",
            "id": "64bf22e22965341f615028bc",
            "ip": "",
            "local_dns_record": "",
            "mac": "68:d7:9a:69:c2:e7",
            "name": "infra.switch-spare-2",
            "network_id": "",
            "note": "",
            "site": "default",
            "skip_forget_on_destroy": false,
            "user_group_id": ""
          },
          "sensitive_attributes": [],
          "private": "bnVsbA=="
        },
        {
          "index_key": "68:d7:9a:69:c3:12",
          "schema_version": 0,
          "attributes": {
            "allow_existing": true,
            "blocked": false,
            "dev_id_override": 0,
            "fixed_ip": "10.0.0.25",
            "hostname": "",
            "id": "64bf22e12965341f615028b9",
            "ip": "",
            "local_dns_record": "",
            "mac": "68:d7:9a:69:c3:12",
            "name": "infra.switch-spare-3",
            "network_id": "",
            "note": "",
            "site": "default",
            "skip_forget_on_destroy": false,
            "user_group_id": ""
          },
          "sensitive_attributes": [],
          "private": "bnVsbA=="
        },
        {
          "index_key": "68:d7:9a:73:a8:14",
          "schema_version": 0,
          "attributes": {
            "allow_existing": true,
            "blocked": false,
            "dev_id_override": 0,
            "fixed_ip": "10.0.0.40",
            "hostname": "",
            "id": "64bf22e22965341f615028ba",
            "ip": "",
            "local_dns_record": "",
            "mac": "68:d7:9a:73:a8:14",
            "name": "infra.wap-gym",
            "network_id": "",
            "note": "",
            "site": "default",
            "skip_forget_on_destroy": false,
            "user_group_id": ""
          },
          "sensitive_attributes": [],
          "private": "bnVsbA=="
        },
        {
          "index_key": "68:d7:9a:73:ac:75",
          "schema_version": 0,
          "attributes": {
            "allow_existing": true,
            "blocked": false,
            "dev_id_override": 0,
            "fixed_ip": "10.0.0.42",
            "hostname": "",
            "id": "64bf22e12965341f615028a9",
            "ip": "",
            "local_dns_record": "",
            "mac": "68:d7:9a:73:ac:75",
            "name": "infra.wap-garage",
            "network_id": "",
            "note": "",
            "site": "default",
            "skip_forget_on_destroy": false,
            "user_group_id": ""
          },
          "sensitive_attributes": [],
          "private": "bnVsbA=="
        },
        {
          "index_key": "68:d7:9a:73:ac:ab",
          "schema_version": 0,
          "attributes": {
            "allow_existing": true,
            "blocked": false,
            "dev_id_override": 0,
            "fixed_ip": "10.0.0.45",
            "hostname": "",
            "id": "64bf22e12965341f615028ad",
            "ip": "",
            "local_dns_record": "",
            "mac": "68:d7:9a:73:ac:ab",
            "name": "infra.wap-guest",
            "network_id": "",
            "note": "",
            "site": "default",
            "skip_forget_on_destroy": false,
            "user_group_id": ""
          },
          "sensitive_attributes": [],
          "private": "bnVsbA=="
        },
        {
          "index_key": "68:d7:9a:89:a5:3b",
          "schema_version": 0,
          "attributes": {
            "allow_existing": true,
            "blocked": false,
            "dev_id_override": 0,
            "fixed_ip": "10.0.0.50",
            "hostname": "",
            "id": "64bf22e12965341f615028b7",
            "ip": "",
            "local_dns_record": "",
            "mac": "68:d7:9a:89:a5:3b",
            "name": "infra.eap-front",
            "network_id": "",
            "note": "",
            "site": "default",
            "skip_forget_on_destroy": false,
            "user_group_id": ""
          },
          "sensitive_attributes": [],
          "private": "bnVsbA=="
        },
        {
          "index_key": "68:d7:9a:89:a5:dd",
          "schema_version": 0,
          "attributes": {
            "allow_existing": true,
            "blocked": false,
            "dev_id_override": 0,
            "fixed_ip": "10.0.0.51",
            "hostname": "",
            "id": "64bf22e12965341f615028ae",
            "ip": "",
            "local_dns_record": "",
            "mac": "68:d7:9a:89:a5:dd",
            "name": "infra.eap-fence",
            "network_id": "",
            "note": "",
            "site": "default",
            "skip_forget_on_destroy": false,
            "user_group_id": ""
          },
          "sensitive_attributes": [],
          "private": "bnVsbA=="
        },
        {
          "index_key": "68:d7:9a:89:a5:e6",
          "schema_version": 0,
          "attributes": {
            "allow_existing": true,
            "blocked": false,
            "dev_id_override": 0,
            "fixed_ip": "10.0.0.52",
            "hostname": "",
            "id": "64bf22e12965341f615028b1",
            "ip": "",
            "local_dns_record": "",
            "mac": "68:d7:9a:89:a5:e6",
            "name": "infra.eap-deck",
            "network_id": "",
            "note": "",
            "site": "default",
            "skip_forget_on_destroy": false,
            "user_group_id": ""
          },
          "sensitive_attributes": [],
          "private": "bnVsbA=="
        },
        {
          "index_key": "6c:79:b8:ef:b5:4e",
          "schema_version": 0,
          "attributes": {
            "allow_existing": true,
            "blocked": false,
            "dev_id_override": 0,
            "fixed_ip": "172.16.1.51",
            "hostname": "airthings-view",
            "id": "62ead93156b95b0aa1e6984a",
            "ip": "",
            "local_dns_record": "",
            "mac": "6c:79:b8:ef:b5:4e",
            "name": "iot.airthings-office",
            "network_id": "",
            "note": "",
            "site": "default",
            "skip_forget_on_destroy": false,
            "user_group_id": ""
          },
          "sensitive_attributes": [],
          "private": "bnVsbA=="
        },
        {
          "index_key": "74:83:c2:0c:4b:80",
          "schema_version": 0,
          "attributes": {
            "allow_existing": true,
            "blocked": false,
            "dev_id_override": 0,
            "fixed_ip": "10.0.0.22",
            "hostname": "",
            "id": "64bf22e12965341f615028ab",
            "ip": "",
            "local_dns_record": "",
            "mac": "74:83:c2:0c:4b:80",
            "name": "infra.switch-office",
            "network_id": "",
            "note": "",
            "site": "default",
            "skip_forget_on_destroy": false,
            "user_group_id": ""
          },
          "sensitive_attributes": [],
          "private": "bnVsbA=="
        },
        {
          "index_key": "74:83:c2:0c:4b:96",
          "schema_version": 0,
          "attributes": {
            "allow_existing": true,
            "blocked": false,
            "dev_id_override": 0,
            "fixed_ip": "10.0.0.27",
            "hostname": "",
            "id": "64bf22e12965341f615028b4",
            "ip": "",
            "local_dns_record": "",
            "mac": "74:83:c2:0c:4b:96",
            "name": "infra.switch-spare-fe-2",
            "network_id": "",
            "note": "",
            "site": "default",
            "skip_forget_on_destroy": false,
            "user_group_id": ""
          },
          "sensitive_attributes": [],
          "private": "bnVsbA=="
        },
        {
          "index_key": "74:83:c2:6f:5b:71",
          "schema_version": 0,
          "attributes": {
            "allow_existing": true,
            "blocked": false,
            "dev_id_override": 0,
            "fixed_ip": "10.0.0.3",
            "hostname": "",
            "id": "64bf22e12965341f615028b6",
            "ip": "",
            "local_dns_record": "",
            "mac": "74:83:c2:6f:5b:71",
            "name": "infra.leaf",
            "network_id": "",
            "note": "",
            "site": "default",
            "skip_forget_on_destroy": false,
            "user_group_id": ""
          },
          "sensitive_attributes": [],
          "private": "bnVsbA=="
        },
        {
          "index_key": "74:ac:b9:aa:af:9a",
          "schema_version": 0,
          "attributes": {
            "allow_existing": true,
            "blocked": false,
            "dev_id_override": 0,
            "fixed_ip": "10.0.0.23",
            "hostname": "",
            "id": "64bf22e12965341f615028b5",
            "ip": "",
            "local_dns_record": "",
            "mac": "74:ac:b9:aa:af:9a",
            "name": "infra.switch-spare-1",
            "network_id": "",
            "note": "",
            "site": "default",
            "skip_forget_on_destroy": false,
            "user_group_id": ""
          },
          "sensitive_attributes": [],
          "private": "bnVsbA=="
        },
        {
          "index_key": "74:ac:b9:ab:a6:b6",
          "schema_version": 0,
          "attributes": {
            "allow_existing": true,
            "blocked": false,
            "dev_id_override": 0,
            "fixed_ip": "10.0.0.26",
            "hostname": "",
            "id": "64bf22e12965341f615028b8",
            "ip": "",
            "local_dns_record": "",
            "mac": "74:ac:b9:ab:a6:b6",
            "name": "infra.switch-spare-fe-1",
            "network_id": "",
            "note": "",
            "site": "default",
            "skip_forget_on_destroy": false,
            "user_group_id": ""
          },
          "sensitive_attributes": [],
          "private": "bnVsbA=="
        },
        {
          "index_key": "74:ac:b9:e5:b3:9e",
          "schema_version": 0,
          "attributes": {
            "allow_existing": true,
            "blocked": false,
            "dev_id_override": 0,
            "fixed_ip": "10.0.0.1",
            "hostname": "",
            "id": "64bf22e12965341f615028af",
            "ip": "",
            "local_dns_record": "",
            "mac": "74:ac:b9:e5:b3:9e",
            "name": "infra.gateway",
            "network_id": "",
            "note": "",
            "site": "default",
            "skip_forget_on_destroy": false,
            "user_group_id": ""
          },
          "sensitive_attributes": [],
          "private": "bnVsbA=="
        },
        {
          "index_key": "74:ec:b2:79:9e:41",
          "schema_version": 0,
          "attributes": {
            "allow_existing": true,
            "blocked": false,
            "dev_id_override": 0,
            "fixed_ip": "172.16.1.42",
            "hostname": "",
            "id": "61d0a23b9f4cbf05bbdb3694",
            "ip": "172.16.1.42",
            "local_dns_record": "",
            "mac": "74:ec:b2:79:9e:41",
            "name": "iot.echo-bedroom",
            "network_id": "",
            "note": "",
            "site": "default",
            "skip_forget_on_destroy": false,
            "user_group_id": ""
          },
          "sensitive_attributes": [],
          "private": "bnVsbA=="
        },
        {
          "index_key": "76:ee:2a:9c:72:0e",
          "schema_version": 0,
          "attributes": {
            "allow_existing": true,
            "blocked": false,
            "dev_id_override": 0,
            "fixed_ip": "172.16.1.61",
            "hostname": "flichub",
            "id": "632e1a10b9315b072bc6951b",
            "ip": "172.16.1.61",
            "local_dns_record": "",
            "mac": "76:ee:2a:9c:72:0e",
            "name": "iot.flic-bedroom",
            "network_id": "",
            "note": "",
            "site": "default",
            "skip_forget_on_destroy": false,
            "user_group_id": ""
          },
          "sensitive_attributes": [],
          "private": "bnVsbA=="
        },
        {
          "index_key": "78:4f:43:84:02:b9",
          "schema_version": 0,
          "attributes": {
            "allow_existing": true,
            "blocked": false,
            "dev_id_override": 0,
            "fixed_ip": "192.168.1.18",
            "hostname": "Less-MacBook",
            "id": "60b9580186ebc30432ddaa14",
            "ip": "192.168.1.18",
            "local_dns_record": "",
            "mac": "78:4f:43:84:02:b9",
            "name": "standard.bean",
            "network_id": "",
            "note": "",
            "site": "default",
            "skip_forget_on_destroy": false,
            "user_group_id": ""
          },
          "sensitive_attributes": [],
          "private": "bnVsbA=="
        },
        {
          "index_key": "78:6a:1f:5d:8e:fb",
          "schema_version": 0,
          "attributes": {
            "allow_existing": true,
            "blocked": false,
            "dev_id_override": 0,
            "fixed_ip": "172.16.0.17",
            "hostname": "TIVO-A950983BBC5646D",
            "id": "6473392742814836fe7c51cc",
            "ip": "172.16.0.17",
            "local_dns_record": "",
            "mac": "78:6a:1f:5d:8e:fb",
            "name": "iot.tivo-theatre",
            "network_id": "",
            "note": "",
            "site": "default",
            "skip_forget_on_destroy": false,
            "user_group_id": ""
          },
          "sensitive_attributes": [],
          "private": "bnVsbA=="
        },
        {
          "index_key": "78:6a:1f:5d:a3:97",
          "schema_version": 0,
          "attributes": {
            "allow_existing": true,
            "blocked": false,
            "dev_id_override": 0,
            "fixed_ip": "172.16.0.5",
            "hostname": "TIVO-A950CF9F219A600",
            "id": "612a32d3468c1f05a62bd7c1",
            "ip": "172.16.0.5",
            "local_dns_record": "",
            "mac": "78:6a:1f:5d:a3:97",
            "name": "iot.tivo-bar",
            "network_id": "",
            "note": "",
            "site": "default",
            "skip_forget_on_destroy": false,
            "user_group_id": ""
          },
          "sensitive_attributes": [],
          "private": "bnVsbA=="
        },
        {
          "index_key": "78:6a:1f:6f:a0:7f",
          "schema_version": 0,
          "attributes": {
            "allow_existing": true,
            "blocked": false,
            "dev_id_override": 0,
            "fixed_ip": "172.16.0.4",
            "hostname": "TIVO-D6E041009F7F3E3",
            "id": "61170c546d793b08ae7c6301",
            "ip": "172.16.0.4",
            "local_dns_record": "",
            "mac": "78:6a:1f:6f:a0:7f",
            "name": "iot.tivo-family",
            "network_id": "",
            "note": "",
            "site": "default",
            "skip_forget_on_destroy": false,
            "user_group_id": ""
          },
          "sensitive_attributes": [],
          "private": "bnVsbA=="
        },
        {
          "index_key": "7c:10:c9:3c:03:88",
          "schema_version": 0,
          "attributes": {
            "allow_existing": true,
            "blocked": false,
            "dev_id_override": 0,
            "fixed_ip": "172.16.20.11",
            "hostname": "DESKTOP-IKHMCTS",
            "id": "62d56b2888c2f5125464a9a1",
            "ip": "",
            "local_dns_record": "",
            "mac": "7c:10:c9:3c:03:88",
            "name": "gaming.hyrum",
            "network_id": "",
            "note": "",
            "site": "default",
            "skip_forget_on_destroy": false,
            "user_group_id": ""
          },
          "sensitive_attributes": [],
          "private": "bnVsbA=="
        },
        {
          "index_key": "7e:a7:b0:31:9f:b0",
          "schema_version": 0,
          "attributes": {
            "allow_existing": true,
            "blocked": false,
            "dev_id_override": 0,
            "fixed_ip": "172.16.1.60",
            "hostname": "flichub",
            "id": "62fb0da356b95b2fadc52307",
            "ip": "172.16.1.60",
            "local_dns_record": "",
            "mac": "7e:a7:b0:31:9f:b0",
            "name": "iot.flic-office",
            "network_id": "",
            "note": "",
            "site": "default",
            "skip_forget_on_destroy": false,
            "user_group_id": ""
          },
          "sensitive_attributes": [],
          "private": "bnVsbA=="
        },
        {
          "index_key": "84:d8:1b:8a:9d:73",
          "schema_version": 0,
          "attributes": {
            "allow_existing": true,
            "blocked": false,
            "dev_id_override": 0,
            "fixed_ip": "172.16.0.32",
            "hostname": "KP115",
            "id": "62effd9856b95b0aa1ea048e",
            "ip": "172.16.0.32",
            "local_dns_record": "",
            "mac": "84:d8:1b:8a:9d:73",
            "name": "iot.power-serverfan",
            "network_id": "",
            "note": "",
            "site": "default",
            "skip_forget_on_destroy": false,
            "user_group_id": ""
          },
          "sensitive_attributes": [],
          "private": "bnVsbA=="
        },
        {
          "index_key": "92:d2:35:40:60:76",
          "schema_version": 0,
          "attributes": {
            "allow_existing": true,
            "blocked": false,
            "dev_id_override": 0,
            "fixed_ip": "192.168.1.104",
            "hostname": "",
            "id": "643fef54a68a840e8a4ad3e5",
            "ip": "",
            "local_dns_record": "",
            "mac": "92:d2:35:40:60:76",
            "name": "standard.kelly-watch",
            "network_id": "",
            "note": "",
            "site": "default",
            "skip_forget_on_destroy": false,
            "user_group_id": ""
          },
          "sensitive_attributes": [],
          "private": "bnVsbA=="
        },
        {
          "index_key": "94:b5:55:ef:bf:f0",
          "schema_version": 0,
          "attributes": {
            "allow_existing": true,
            "blocked": false,
            "dev_id_override": 0,
            "fixed_ip": "172.16.0.40",
            "hostname": "Levoit-Humidifier",
            "id": "63ada10ee4e3ac06932eed1d",
            "ip": "172.16.0.40",
            "local_dns_record": "",
            "mac": "94:b5:55:ef:bf:f0",
            "name": "iot.rh-bedroom",
            "network_id": "",
            "note": "",
            "site": "default",
            "skip_forget_on_destroy": false,
            "user_group_id": ""
          },
          "sensitive_attributes": [],
          "private": "bnVsbA=="
        },
        {
          "index_key": "98:ed:5c:8d:be:4c",
          "schema_version": 0,
          "attributes": {
            "allow_existing": true,
            "blocked": false,
            "dev_id_override": 0,
            "fixed_ip": "172.16.0.27",
            "hostname": "TeslaWallConnector_8DBE4C",
            "id": "632dc96655d0a70721baed10",
            "ip": "172.16.0.27",
            "local_dns_record": "",
            "mac": "98:ed:5c:8d:be:4c",
            "name": "iot.ev-charger-3",
            "network_id": "",
            "note": "",
            "site": "default",
            "skip_forget_on_destroy": false,
            "user_group_id": ""
          },
          "sensitive_attributes": [],
          "private": "bnVsbA=="
        },
        {
          "index_key": "98:ed:5c:8d:bf:23",
          "schema_version": 0,
          "attributes": {
            "allow_existing": true,
            "blocked": false,
            "dev_id_override": 0,
            "fixed_ip": "172.16.0.25",
            "hostname": "TeslaWallConnector_8DBF23",
            "id": "632dcbc755d0a70721baef8b",
            "ip": "172.16.0.25",
            "local_dns_record": "",
            "mac": "98:ed:5c:8d:bf:23",
            "name": "iot.ev-charger-1",
            "network_id": "",
            "note": "",
            "site": "default",
            "skip_forget_on_destroy": false,
            "user_group_id": ""
          },
          "sensitive_attributes": [],
          "private": "bnVsbA=="
        },
        {
          "index_key": "98:ed:5c:94:91:68",
          "schema_version": 0,
          "attributes": {
            "allow_existing": true,
            "blocked": false,
            "dev_id_override": 0,
            "fixed_ip": "172.16.0.24",
            "hostname": "TeslaPV_949168",
            "id": "620921a4f574cf05a9673123",
            "ip": "172.16.0.24",
            "local_dns_record": "",
            "mac": "98:ed:5c:94:91:68",
            "name": "iot.solar-pv-3",
            "network_id": "",
            "note": "",
            "site": "default",
            "skip_forget_on_destroy": false,
            "user_group_id": ""
          },
          "sensitive_attributes": [],
          "private": "bnVsbA=="
        },
        {
          "index_key": "98:ed:5c:94:91:8e",
          "schema_version": 0,
          "attributes": {
            "allow_existing": true,
            "blocked": false,
            "dev_id_override": 0,
            "fixed_ip": "172.16.0.23",
            "hostname": "TeslaPV_94918E",
            "id": "62092323f574cf05a96731a8",
            "ip": "172.16.0.23",
            "local_dns_record": "",
            "mac": "98:ed:5c:94:91:8e",
            "name": "iot.solar-pv-2",
            "network_id": "",
            "note": "",
            "site": "default",
            "skip_forget_on_destroy": false,
            "user_group_id": ""
          },
          "sensitive_attributes": [],
          "private": "bnVsbA=="
        },
        {
          "index_key": "98:ed:5c:97:fc:ac",
          "schema_version": 0,
          "attributes": {
            "allow_existing": true,
            "blocked": false,
            "dev_id_override": 0,
            "fixed_ip": "172.16.0.22",
            "hostname": "TeslaPV_97FCAC",
            "id": "62091ec1f574cf05a9672f08",
            "ip": "172.16.0.22",
            "local_dns_record": "",
            "mac": "98:ed:5c:97:fc:ac",
            "name": "iot.solar-pv-1",
            "network_id": "",
            "note": "",
            "site": "default",
            "skip_forget_on_destroy": false,
            "user_group_id": ""
          },
          "sensitive_attributes": [],
          "private": "bnVsbA=="
        },
        {
          "index_key": "9a:c4:78:70:02:2e",
          "schema_version": 0,
          "attributes": {
            "allow_existing": true,
            "blocked": false,
            "dev_id_override": 0,
            "fixed_ip": "192.168.1.102",
            "hostname": "",
            "id": "632f7f5eb9315b072bc7d4f9",
            "ip": "192.168.1.102",
            "local_dns_record": "",
            "mac": "9a:c4:78:70:02:2e",
            "name": "standard.kelly-iphone",
            "network_id": "",
            "note": "",
            "site": "default",
            "skip_forget_on_destroy": false,
            "user_group_id": ""
          },
          "sensitive_attributes": [],
          "private": "bnVsbA=="
        },
        {
          "index_key": "b0:a7:b9:fa:75:b0",
          "schema_version": 0,
          "attributes": {
            "allow_existing": true,
            "blocked": false,
            "dev_id_override": 0,
            "fixed_ip": "172.16.0.34",
            "hostname": "KP125",
            "id": "6345bbfeb9315b072bdf6e91",
            "ip": "172.16.0.34",
            "local_dns_record": "",
            "mac": "b0:a7:b9:fa:75:b0",
            "name": "iot.power-desktop",
            "network_id": "",
            "note": "",
            "site": "default",
            "skip_forget_on_destroy": false,
            "user_group_id": ""
          },
          "sensitive_attributes": [],
          "private": "bnVsbA=="
        },
        {
          "index_key": "b0:a7:b9:fa:7e:2a",
          "schema_version": 0,
          "attributes": {
            "allow_existing": true,
            "blocked": false,
            "dev_id_override": 0,
            "fixed_ip": "172.16.0.33",
            "hostname": "KP125",
            "id": "6345ba39b9315b072bdf6d73",
            "ip": "172.16.0.33",
            "local_dns_record": "",
            "mac": "b0:a7:b9:fa:7e:2a",
            "name": "iot.power-chargers",
            "network_id": "",
            "note": "",
            "site": "default",
            "skip_forget_on_destroy": false,
            "user_group_id": ""
          },
          "sensitive_attributes": [],
          "private": "bnVsbA=="
        },
        {
          "index_key": "b8:27:eb:a1:38:10",
          "schema_version": 0,
          "attributes": {
            "allow_existing": true,
            "blocked": false,
            "dev_id_override": 0,
            "fixed_ip": "192.168.1.3",
            "hostname": "raspberrypi",
            "id": "63d2963fe4e3ac068b761eae",
            "ip": "192.168.1.3",
            "local_dns_record": "",
            "mac": "b8:27:eb:a1:38:10",
            "name": "standard.usb-kvm",
            "network_id": "",
            "note": "",
            "site": "default",
            "skip_forget_on_destroy": false,
            "user_group_id": ""
          },
          "sensitive_attributes": [],
          "private": "bnVsbA=="
        },
        {
          "index_key": "b8:a4:4f:15:fc:3f",
          "schema_version": 0,
          "attributes": {
            "allow_existing": true,
            "blocked": false,
            "dev_id_override": 0,
            "fixed_ip": "172.16.1.11",
            "hostname": "axis-b8a44f15fc3f",
            "id": "61f1f8da9f4cbf6f7f097cb7",
            "ip": "172.16.1.11",
            "local_dns_record": "",
            "mac": "b8:a4:4f:15:fc:3f",
            "name": "iot.cam-family",
            "network_id": "",
            "note": "",
            "site": "default",
            "skip_forget_on_destroy": false,
            "user_group_id": ""
          },
          "sensitive_attributes": [],
          "private": "bnVsbA=="
        },
        {
          "index_key": "b8:a4:4f:22:f9:0b",
          "schema_version": 0,
          "attributes": {
            "allow_existing": true,
            "blocked": false,
            "dev_id_override": 0,
            "fixed_ip": "10.0.2.14",
            "hostname": "axis-b8a44f22f90b",
            "id": "60b8593138c16f0423c08c1e",
            "ip": "10.0.2.14",
            "local_dns_record": "",
            "mac": "b8:a4:4f:22:f9:0b",
            "name": "security.cam-patio",
            "network_id": "",
            "note": "",
            "site": "default",
            "skip_forget_on_destroy": false,
            "user_group_id": ""
          },
          "sensitive_attributes": [],
          "private": "bnVsbA=="
        },
        {
          "index_key": "b8:a4:4f:22:fb:3e",
          "schema_version": 0,
          "attributes": {
            "allow_existing": true,
            "blocked": false,
            "dev_id_override": 0,
            "fixed_ip": "10.0.2.13",
            "hostname": "axis-b8a44f22fb3e",
            "id": "60b8591938c16f0423c08c15",
            "ip": "10.0.2.13",
            "local_dns_record": "",
            "mac": "b8:a4:4f:22:fb:3e",
            "name": "security.cam-garage",
            "network_id": "",
            "note": "",
            "site": "default",
            "skip_forget_on_destroy": false,
            "user_group_id": ""
          },
          "sensitive_attributes": [],
          "private": "bnVsbA=="
        },
        {
          "index_key": "b8:a4:4f:23:01:4a",
          "schema_version": 0,
          "attributes": {
            "allow_existing": true,
            "blocked": false,
            "dev_id_override": 0,
            "fixed_ip": "10.0.2.12",
            "hostname": "axis-b8a44f23014a",
            "id": "60b8592238c16f0423c08c18",
            "ip": "10.0.2.12",
            "local_dns_record": "",
            "mac": "b8:a4:4f:23:01:4a",
            "name": "security.cam-fence",
            "network_id": "",
            "note": "",
            "site": "default",
            "skip_forget_on_destroy": false,
            "user_group_id": ""
          },
          "sensitive_attributes": [],
          "private": "bnVsbA=="
        },
        {
          "index_key": "b8:a4:4f:23:19:63",
          "schema_version": 0,
          "attributes": {
            "allow_existing": true,
            "blocked": false,
            "dev_id_override": 0,
            "fixed_ip": "10.0.2.11",
            "hostname": "axis-b8a44f231963",
            "id": "60b8592c38c16f0423c08c1b",
            "ip": "10.0.2.11",
            "local_dns_record": "",
            "mac": "b8:a4:4f:23:19:63",
            "name": "security.cam-deck",
            "network_id": "",
            "note": "",
            "site": "default",
            "skip_forget_on_destroy": false,
            "user_group_id": ""
          },
          "sensitive_attributes": [],
          "private": "bnVsbA=="
        },
        {
          "index_key": "b8:a4:4f:23:1c:8e",
          "schema_version": 0,
          "attributes": {
            "allow_existing": true,
            "blocked": false,
            "dev_id_override": 0,
            "fixed_ip": "10.0.2.10",
            "hostname": "axis-b8a44f231c8e",
            "id": "60b8560538c16f0423c08b62",
            "ip": "10.0.2.10",
            "local_dns_record": "",
            "mac": "b8:a4:4f:23:1c:8e",
            "name": "security.cam-front",
            "network_id": "",
            "note": "",
            "site": "default",
            "skip_forget_on_destroy": false,
            "user_group_id": ""
          },
          "sensitive_attributes": [],
          "private": "bnVsbA=="
        },
        {
          "index_key": "b8:a4:4f:3a:95:6d",
          "schema_version": 0,
          "attributes": {
            "allow_existing": true,
            "blocked": false,
            "dev_id_override": 0,
            "fixed_ip": "172.16.1.10",
            "hostname": "axis-b8a44f3a956d",
            "id": "61f1f8c89f4cbf6f7f097cb4",
            "ip": "172.16.1.10",
            "local_dns_record": "",
            "mac": "b8:a4:4f:3a:95:6d",
            "name": "iot.cam-sunroom",
            "network_id": "",
            "note": "",
            "site": "default",
            "skip_forget_on_destroy": false,
            "user_group_id": ""
          },
          "sensitive_attributes": [],
          "private": "bnVsbA=="
        },
        {
          "index_key": "b8:a4:4f:3a:96:80",
          "schema_version": 0,
          "attributes": {
            "allow_existing": true,
            "blocked": false,
            "dev_id_override": 0,
            "fixed_ip": "172.16.1.12",
            "hostname": "axis-b8a44f3a9680",
            "id": "61f1f8be9f4cbf6f7f097cb1",
            "ip": "172.16.1.12",
            "local_dns_record": "",
            "mac": "b8:a4:4f:3a:96:80",
            "name": "iot.cam-living",
            "network_id": "",
            "note": "",
            "site": "default",
            "skip_forget_on_destroy": false,
            "user_group_id": ""
          },
          "sensitive_attributes": [],
          "private": "bnVsbA=="
        },
        {
          "index_key": "b8:a4:4f:3a:c3:a6",
          "schema_version": 0,
          "attributes": {
            "allow_existing": true,
            "blocked": false,
            "dev_id_override": 0,
            "fixed_ip": "172.16.1.13",
            "hostname": "axis-b8a44f3ac3a6",
            "id": "61f1f8b89f4cbf6f7f097ca6",
            "ip": "172.16.1.13",
            "local_dns_record": "",
            "mac": "b8:a4:4f:3a:c3:a6",
            "name": "iot.cam-basement",
            "network_id": "",
            "note": "",
            "site": "default",
            "skip_forget_on_destroy": false,
            "user_group_id": ""
          },
          "sensitive_attributes": [],
          "private": "bnVsbA=="
        },
        {
          "index_key": "bc:d0:74:32:53:b1",
          "schema_version": 0,
          "attributes": {
            "allow_existing": true,
            "blocked": false,
            "dev_id_override": 0,
            "fixed_ip": "192.168.1.14",
            "hostname": "laker23-mac",
            "id": "6470081116f7d127172ec918",
            "ip": "192.168.1.14",
            "local_dns_record": "",
            "mac": "bc:d0:74:32:53:b1",
            "name": "standard.laker-mac",
            "network_id": "",
            "note": "",
            "site": "default",
            "skip_forget_on_destroy": false,
            "user_group_id": ""
          },
          "sensitive_attributes": [],
          "private": "bnVsbA=="
        },
        {
          "index_key": "c0:06:c3:60:35:5a",
          "schema_version": 0,
          "attributes": {
            "allow_existing": true,
            "blocked": false,
            "dev_id_override": 0,
            "fixed_ip": "172.16.0.31",
            "hostname": "HS300",
            "id": "62efffe156b95b0aa1ea070d",
            "ip": "172.16.0.31",
            "local_dns_record": "",
            "mac": "c0:06:c3:60:35:5a",
            "name": "iot.power-sheng",
            "network_id": "",
            "note": "",
            "site": "default",
            "skip_forget_on_destroy": false,
            "user_group_id": ""
          },
          "sensitive_attributes": [],
          "private": "bnVsbA=="
        },
        {
          "index_key": "c0:95:6d:7f:86:d6",
          "schema_version": 0,
          "attributes": {
            "allow_existing": true,
            "blocked": false,
            "dev_id_override": 0,
            "fixed_ip": "172.16.0.8",
            "hostname": "Theater",
            "id": "6522b2655f1a5522c2b8c770",
            "ip": "172.16.0.8",
            "local_dns_record": "",
            "mac": "c0:95:6d:7f:86:d6",
            "name": "iot.appletv-theatre",
            "network_id": "",
            "note": "",
            "site": "default",
            "skip_forget_on_destroy": false,
            "user_group_id": ""
          },
          "sensitive_attributes": [],
          "private": "bnVsbA=="
        },
        {
          "index_key": "c0:ee:40:85:7b:72",
          "schema_version": 0,
          "attributes": {
            "allow_existing": true,
            "blocked": false,
            "dev_id_override": 0,
            "fixed_ip": "172.16.0.26",
            "hostname": "WB137546",
            "id": "632dcd7055d0a70721baf0c7",
            "ip": "172.16.0.26",
            "local_dns_record": "",
            "mac": "c0:ee:40:85:7b:72",
            "name": "iot.ev-charger-2",
            "network_id": "",
            "note": "",
            "site": "default",
            "skip_forget_on_destroy": false,
            "user_group_id": ""
          },
          "sensitive_attributes": [],
          "private": "bnVsbA=="
        },
        {
          "index_key": "c4:de:e2:01:6f:6c",
          "schema_version": 0,
          "attributes": {
            "allow_existing": true,
            "blocked": false,
            "dev_id_override": 0,
            "fixed_ip": "172.16.0.41",
            "hostname": "Levoit-Humidifier",
            "id": "63ada1afe4e3ac06932eed43",
            "ip": "",
            "local_dns_record": "",
            "mac": "c4:de:e2:01:6f:6c",
            "name": "iot.rh-nursery",
            "network_id": "",
            "note": "",
            "site": "default",
            "skip_forget_on_destroy": false,
            "user_group_id": ""
          },
          "sensitive_attributes": [],
          "private": "bnVsbA=="
        },
        {
          "index_key": "c4:de:e2:01:8c:28",
          "schema_version": 0,
          "attributes": {
            "allow_existing": true,
            "blocked": false,
            "dev_id_override": 0,
            "fixed_ip": "172.16.0.42",
            "hostname": "Levoit-Humidifier",
            "id": "63adfb86e4e3ac06932f42e5",
            "ip": "172.16.0.42",
            "local_dns_record": "",
            "mac": "c4:de:e2:01:8c:28",
            "name": "iot.rh-office",
            "network_id": "",
            "note": "",
            "site": "default",
            "skip_forget_on_destroy": false,
            "user_group_id": ""
          },
          "sensitive_attributes": [],
          "private": "bnVsbA=="
        },
        {
          "index_key": "cc:6a:10:04:54:6e",
          "schema_version": 0,
          "attributes": {
            "allow_existing": true,
            "blocked": false,
            "dev_id_override": 0,
            "fixed_ip": "172.16.0.12",
            "hostname": "MyQ-C5E",
            "id": "62d0aba388c2f505bca91fd4",
            "ip": "172.16.0.12",
            "local_dns_record": "",
            "mac": "cc:6a:10:04:54:6e",
            "name": "iot.myq",
            "network_id": "",
            "note": "",
            "site": "default",
            "skip_forget_on_destroy": false,
            "user_group_id": ""
          },
          "sensitive_attributes": [],
          "private": "bnVsbA=="
        },
        {
          "index_key": "cc:88:26:3d:bb:09",
          "schema_version": 0,
          "attributes": {
            "allow_existing": true,
            "blocked": false,
            "dev_id_override": 0,
            "fixed_ip": "172.16.0.15",
            "hostname": "Tesla_Model_3",
            "id": "60bd7d7e86ebc30432de113e",
            "ip": "",
            "local_dns_record": "",
            "mac": "cc:88:26:3d:bb:09",
            "name": "iot.jasnah",
            "network_id": "",
            "note": "",
            "site": "default",
            "skip_forget_on_destroy": false,
            "user_group_id": ""
          },
          "sensitive_attributes": [],
          "private": "bnVsbA=="
        },
        {
          "index_key": "cc:a1:2b:cb:16:d7",
          "schema_version": 0,
          "attributes": {
            "allow_existing": true,
            "blocked": false,
            "dev_id_override": 0,
            "fixed_ip": "172.16.0.7",
            "hostname": "familytv",
            "id": "6288ca6f88c2f507c54ae529",
            "ip": "172.16.0.7",
            "local_dns_record": "",
            "mac": "cc:a1:2b:cb:16:d7",
            "name": "iot.tv-family",
            "network_id": "",
            "note": "",
            "site": "default",
            "skip_forget_on_destroy": false,
            "user_group_id": ""
          },
          "sensitive_attributes": [],
          "private": "bnVsbA=="
        },
        {
          "index_key": "cc:a7:c1:0a:ec:70",
          "schema_version": 0,
          "attributes": {
            "allow_existing": true,
            "blocked": false,
            "dev_id_override": 0,
            "fixed_ip": "172.16.1.20",
            "hostname": "09AC01AF302008FV",
            "id": "60df690286ebc303ff69cdf5",
            "ip": "172.16.1.20",
            "local_dns_record": "",
            "mac": "cc:a7:c1:0a:ec:70",
            "name": "iot.thermostat-bar",
            "network_id": "",
            "note": "",
            "site": "default",
            "skip_forget_on_destroy": false,
            "user_group_id": ""
          },
          "sensitive_attributes": [],
          "private": "bnVsbA=="
        },
        {
          "index_key": "cc:a7:c1:0b:04:21",
          "schema_version": 0,
          "attributes": {
            "allow_existing": true,
            "blocked": false,
            "dev_id_override": 0,
            "fixed_ip": "172.16.1.26",
            "hostname": "09AC01AF31200161",
            "id": "60df61de86ebc303ff69cc12",
            "ip": "172.16.1.26",
            "local_dns_record": "",
            "mac": "cc:a7:c1:0b:04:21",
            "name": "iot.thermostat-guest",
            "network_id": "",
            "note": "",
            "site": "default",
            "skip_forget_on_destroy": false,
            "user_group_id": ""
          },
          "sensitive_attributes": [],
          "private": "bnVsbA=="
        },
        {
          "index_key": "cc:a7:c1:0b:3d:80",
          "schema_version": 0,
          "attributes": {
            "allow_existing": true,
            "blocked": false,
            "dev_id_override": 0,
            "fixed_ip": "172.16.1.25",
            "hostname": "09AC01AF11210PDH",
            "id": "60df622886ebc303ff69cc15",
            "ip": "172.16.1.25",
            "local_dns_record": "",
            "mac": "cc:a7:c1:0b:3d:80",
            "name": "iot.thermostat-master",
            "network_id": "",
            "note": "",
            "site": "default",
            "skip_forget_on_destroy": false,
            "user_group_id": ""
          },
          "sensitive_attributes": [],
          "private": "bnVsbA=="
        },
        {
          "index_key": "cc:a7:c1:0b:8f:7c",
          "schema_version": 0,
          "attributes": {
            "allow_existing": true,
            "blocked": false,
            "dev_id_override": 0,
            "fixed_ip": "172.16.1.21",
            "hostname": "09AC01AF312000WM",
            "id": "60df684686ebc303ff69cddf",
            "ip": "172.16.1.21",
            "local_dns_record": "",
            "mac": "cc:a7:c1:0b:8f:7c",
            "name": "iot.thermostat-basement",
            "network_id": "",
            "note": "",
            "site": "default",
            "skip_forget_on_destroy": false,
            "user_group_id": ""
          },
          "sensitive_attributes": [],
          "private": "bnVsbA=="
        },
        {
          "index_key": "cc:a7:c1:0c:ab:60",
          "schema_version": 0,
          "attributes": {
            "allow_existing": true,
            "blocked": false,
            "dev_id_override": 0,
            "fixed_ip": "172.16.1.23",
            "hostname": "09AC01AF332004RY",
            "id": "60df5c3086ebc303ff69caea",
            "ip": "172.16.1.23",
            "local_dns_record": "",
            "mac": "cc:a7:c1:0c:ab:60",
            "name": "iot.thermostat-kitchen",
            "network_id": "",
            "note": "",
            "site": "default",
            "skip_forget_on_destroy": false,
            "user_group_id": ""
          },
          "sensitive_attributes": [],
          "private": "bnVsbA=="
        },
        {
          "index_key": "cc:a7:c1:0c:c6:4e",
          "schema_version": 0,
          "attributes": {
            "allow_existing": true,
            "blocked": false,
            "dev_id_override": 0,
            "fixed_ip": "172.16.1.22",
            "hostname": "09AC01AF332004RQ",
            "id": "60df5abb86ebc303ff69ca9b",
            "ip": "172.16.1.22",
            "local_dns_record": "",
            "mac": "cc:a7:c1:0c:c6:4e",
            "name": "iot.thermostat-library",
            "network_id": "",
            "note": "",
            "site": "default",
            "skip_forget_on_destroy": false,
            "user_group_id": ""
          },
          "sensitive_attributes": [],
          "private": "bnVsbA=="
        },
        {
          "index_key": "cc:a7:c1:1f:19:f6",
          "schema_version": 0,
          "attributes": {
            "allow_existing": true,
            "blocked": false,
            "dev_id_override": 0,
            "fixed_ip": "172.16.1.24",
            "hostname": "09AC01AF11210P5M",
            "id": "60df5b0e86ebc303ff69cab1",
            "ip": "172.16.1.24",
            "local_dns_record": "",
            "mac": "cc:a7:c1:1f:19:f6",
            "name": "iot.thermostat-sunroom",
            "network_id": "",
            "note": "",
            "site": "default",
            "skip_forget_on_destroy": false,
            "user_group_id": ""
          },
          "sensitive_attributes": [],
          "private": "bnVsbA=="
        },
        {
          "index_key": "cc:a7:c1:69:12:11",
          "schema_version": 0,
          "attributes": {
            "allow_existing": true,
            "blocked": false,
            "dev_id_override": 0,
            "fixed_ip": "172.16.1.117",
            "hostname": "",
            "id": "6495a370846d094dbe4294a9",
            "ip": "172.16.1.117",
            "local_dns_record": "",
            "mac": "cc:a7:c1:69:12:11",
            "name": "iot.smoke-nursery",
            "network_id": "",
            "note": "",
            "site": "default",
            "skip_forget_on_destroy": false,
            "user_group_id": ""
          },
          "sensitive_attributes": [],
          "private": "bnVsbA=="
        },
        {
          "index_key": "cc:a7:c1:69:20:00",
          "schema_version": 0,
          "attributes": {
            "allow_existing": true,
            "blocked": false,
            "dev_id_override": 0,
            "fixed_ip": "172.16.1.110",
            "hostname": "",
            "id": "6495a9ec846d094dbe429a96",
            "ip": "172.16.1.110",
            "local_dns_record": "",
            "mac": "cc:a7:c1:69:20:00",
            "name": "iot.smoke-basement",
            "network_id": "",
            "note": "",
            "site": "default",
            "skip_forget_on_destroy": false,
            "user_group_id": ""
          },
          "sensitive_attributes": [],
          "private": "bnVsbA=="
        },
        {
          "index_key": "cc:a7:c1:69:4b:3c",
          "schema_version": 0,
          "attributes": {
            "allow_existing": true,
            "blocked": false,
            "dev_id_override": 0,
            "fixed_ip": "172.16.1.120",
            "hostname": "",
            "id": "6495a3f8846d094dbe4294bb",
            "ip": "172.16.1.120",
            "local_dns_record": "",
            "mac": "cc:a7:c1:69:4b:3c",
            "name": "iot.smoke-guest",
            "network_id": "",
            "note": "",
            "site": "default",
            "skip_forget_on_destroy": false,
            "user_group_id": ""
          },
          "sensitive_attributes": [],
          "private": "bnVsbA=="
        },
        {
          "index_key": "cc:a7:c1:69:4c:60",
          "schema_version": 0,
          "attributes": {
            "allow_existing": true,
            "blocked": false,
            "dev_id_override": 0,
            "fixed_ip": "172.16.1.113",
            "hostname": "",
            "id": "6495aa8a846d094dbe429b73",
            "ip": "172.16.1.113",
            "local_dns_record": "",
            "mac": "cc:a7:c1:69:4c:60",
            "name": "iot.smoke-theatre",
            "network_id": "",
            "note": "",
            "site": "default",
            "skip_forget_on_destroy": false,
            "user_group_id": ""
          },
          "sensitive_attributes": [],
          "private": "bnVsbA=="
        },
        {
          "index_key": "cc:a7:c1:69:4f:9e",
          "schema_version": 0,
          "attributes": {
            "allow_existing": true,
            "blocked": false,
            "dev_id_override": 0,
            "fixed_ip": "172.16.1.114",
            "hostname": "",
            "id": "6495a7da846d094dbe429986",
            "ip": "172.16.1.114",
            "local_dns_record": "",
            "mac": "cc:a7:c1:69:4f:9e",
            "name": "iot.smoke-library",
            "network_id": "",
            "note": "",
            "site": "default",
            "skip_forget_on_destroy": false,
            "user_group_id": ""
          },
          "sensitive_attributes": [],
          "private": "bnVsbA=="
        },
        {
          "index_key": "cc:a7:c1:69:58:74",
          "schema_version": 0,
          "attributes": {
            "allow_existing": true,
            "blocked": false,
            "dev_id_override": 0,
            "fixed_ip": "172.16.1.116",
            "hostname": "",
            "id": "6495a2e5846d094dbe4293f9",
            "ip": "172.16.1.116",
            "local_dns_record": "",
            "mac": "cc:a7:c1:69:58:74",
            "name": "iot.smoke-master",
            "network_id": "",
            "note": "",
            "site": "default",
            "skip_forget_on_destroy": false,
            "user_group_id": ""
          },
          "sensitive_attributes": [],
          "private": "bnVsbA=="
        },
        {
          "index_key": "cc:a7:c1:69:59:2d",
          "schema_version": 0,
          "attributes": {
            "allow_existing": true,
            "blocked": false,
            "dev_id_override": 0,
            "fixed_ip": "172.16.1.118",
            "hostname": "",
            "id": "6495a1e0846d094dbe4293e1",
            "ip": "172.16.1.118",
            "local_dns_record": "",
            "mac": "cc:a7:c1:69:59:2d",
            "name": "iot.smoke-office",
            "network_id": "",
            "note": "",
            "site": "default",
            "skip_forget_on_destroy": false,
            "user_group_id": ""
          },
          "sensitive_attributes": [],
          "private": "bnVsbA=="
        },
        {
          "index_key": "cc:a7:c1:69:5e:fc",
          "schema_version": 0,
          "attributes": {
            "allow_existing": true,
            "blocked": false,
            "dev_id_override": 0,
            "fixed_ip": "172.16.1.119",
            "hostname": "",
            "id": "6495a483846d094dbe429569",
            "ip": "172.16.1.119",
            "local_dns_record": "",
            "mac": "cc:a7:c1:69:5e:fc",
            "name": "iot.smoke-upstairs",
            "network_id": "",
            "note": "",
            "site": "default",
            "skip_forget_on_destroy": false,
            "user_group_id": ""
          },
          "sensitive_attributes": [],
          "private": "bnVsbA=="
        },
        {
          "index_key": "cc:a7:c1:69:6f:84",
          "schema_version": 0,
          "attributes": {
            "allow_existing": true,
            "blocked": false,
            "dev_id_override": 0,
            "fixed_ip": "172.16.1.111",
            "hostname": "",
            "id": "6495a88e846d094dbe4299b7",
            "ip": "172.16.1.111",
            "local_dns_record": "",
            "mac": "cc:a7:c1:69:6f:84",
            "name": "iot.smoke-suite",
            "network_id": "",
            "note": "",
            "site": "default",
            "skip_forget_on_destroy": false,
            "user_group_id": ""
          },
          "sensitive_attributes": [],
          "private": "bnVsbA=="
        },
        {
          "index_key": "cc:a7:c1:69:97:34",
          "schema_version": 0,
          "attributes": {
            "allow_existing": true,
            "blocked": false,
            "dev_id_override": 0,
            "fixed_ip": "172.16.1.115",
            "hostname": "",
            "id": "6495a94f846d094dbe429a75",
            "ip": "172.16.1.115",
            "local_dns_record": "",
            "mac": "cc:a7:c1:69:97:34",
            "name": "iot.smoke-hallway",
            "network_id": "",
            "note": "",
            "site": "default",
            "skip_forget_on_destroy": false,
            "user_group_id": ""
          },
          "sensitive_attributes": [],
          "private": "bnVsbA=="
        },
        {
          "index_key": "d0:14:11:90:42:e1",
          "schema_version": 0,
          "attributes": {
            "allow_existing": true,
            "blocked": false,
            "dev_id_override": 0,
            "fixed_ip": "172.16.1.50",
            "hostname": "airthings-hub",
            "id": "62e2dab056b95b0aa1e15b9a",
            "ip": "172.16.1.50",
            "local_dns_record": "",
            "mac": "d0:14:11:90:42:e1",
            "name": "iot.airthings-hub",
            "network_id": "",
            "note": "",
            "site": "default",
            "skip_forget_on_destroy": false,
            "user_group_id": ""
          },
          "sensitive_attributes": [],
          "private": "bnVsbA=="
        },
        {
          "index_key": "d0:17:69:f5:27:a0",
          "schema_version": 0,
          "attributes": {
            "allow_existing": true,
            "blocked": false,
            "dev_id_override": 0,
            "fixed_ip": "172.16.1.70",
            "hostname": "Owlet-S-d01769f527a0",
            "id": "6316313ec1007b0720a6d8b9",
            "ip": "172.16.1.70",
            "local_dns_record": "",
            "mac": "d0:17:69:f5:27:a0",
            "name": "iot.owlet",
            "network_id": "",
            "note": "",
            "site": "default",
            "skip_forget_on_destroy": false,
            "user_group_id": ""
          },
          "sensitive_attributes": [],
          "private": "bnVsbA=="
        },
        {
          "index_key": "d0:73:d5:68:2b:fc",
          "schema_version": 0,
          "attributes": {
            "allow_existing": true,
            "blocked": false,
            "dev_id_override": 0,
            "fixed_ip": "172.16.1.102",
            "hostname": "LIFX-Color-682BFB",
            "id": "632ddaffb9315b072bc660c1",
            "ip": "172.16.1.102",
            "local_dns_record": "",
            "mac": "d0:73:d5:68:2b:fc",
            "name": "iot.lifx-2",
            "network_id": "",
            "note": "",
            "site": "default",
            "skip_forget_on_destroy": false,
            "user_group_id": ""
          },
          "sensitive_attributes": [],
          "private": "bnVsbA=="
        },
        {
          "index_key": "d0:73:d5:70:53:12",
          "schema_version": 0,
          "attributes": {
            "allow_existing": true,
            "blocked": false,
            "dev_id_override": 0,
            "fixed_ip": "172.16.1.101",
            "hostname": "LIFX-Color-705311",
            "id": "632ddbb5b9315b072bc66153",
            "ip": "172.16.1.101",
            "local_dns_record": "",
            "mac": "d0:73:d5:70:53:12",
            "name": "iot.lifx-1",
            "network_id": "",
            "note": "",
            "site": "default",
            "skip_forget_on_destroy": false,
            "user_group_id": ""
          },
          "sensitive_attributes": [],
          "private": "bnVsbA=="
        },
        {
          "index_key": "d0:73:d5:70:58:7b",
          "schema_version": 0,
          "attributes": {
            "allow_existing": true,
            "blocked": false,
            "dev_id_override": 0,
            "fixed_ip": "172.16.1.103",
            "hostname": "LIFX-Color-70587A",
            "id": "632ddc71b9315b072bc6618b",
            "ip": "172.16.1.103",
            "local_dns_record": "",
            "mac": "d0:73:d5:70:58:7b",
            "name": "iot.lifx-3",
            "network_id": "",
            "note": "",
            "site": "default",
            "skip_forget_on_destroy": false,
            "user_group_id": ""
          },
          "sensitive_attributes": [],
          "private": "bnVsbA=="
        },
        {
          "index_key": "d8:a3:5c:c9:70:de",
          "schema_version": 0,
          "attributes": {
            "allow_existing": true,
            "blocked": false,
            "dev_id_override": 0,
            "fixed_ip": "172.16.0.9",
            "hostname": "Samsung",
            "id": "63b23d3ce4e3ac067e6b2837",
            "ip": "",
            "local_dns_record": "",
            "mac": "d8:a3:5c:c9:70:de",
            "name": "iot.tv-theatre",
            "network_id": "",
            "note": "",
            "site": "default",
            "skip_forget_on_destroy": false,
            "user_group_id": ""
          },
          "sensitive_attributes": [],
          "private": "bnVsbA=="
        },
        {
          "index_key": "dc:4a:9e:d1:8b:90",
          "schema_version": 0,
          "attributes": {
            "allow_existing": true,
            "blocked": false,
            "dev_id_override": 0,
            "fixed_ip": "172.16.0.10",
            "hostname": "",
            "id": "62e1dadc88c2f505bcfd487c",
            "ip": "",
            "local_dns_record": "",
            "mac": "dc:4a:9e:d1:8b:90",
            "name": "iot.snoo",
            "network_id": "",
            "note": "",
            "site": "default",
            "skip_forget_on_destroy": false,
            "user_group_id": ""
          },
          "sensitive_attributes": [],
          "private": "bnVsbA=="
        },
        {
          "index_key": "de:54:7c:35:66:91",
          "schema_version": 0,
          "attributes": {
            "allow_existing": true,
            "blocked": false,
            "dev_id_override": 0,
            "fixed_ip": "192.168.1.19",
            "hostname": "",
            "id": "650f03e6f0015012c36218d5",
            "ip": "192.168.1.19",
            "local_dns_record": "",
            "mac": "de:54:7c:35:66:91",
            "name": "standard.wrist",
            "network_id": "",
            "note": "",
            "site": "default",
            "skip_forget_on_destroy": false,
            "user_group_id": ""
          },
          "sensitive_attributes": [],
          "private": "bnVsbA=="
        },
        {
          "index_key": "e0:63:da:3c:37:96",
          "schema_version": 0,
          "attributes": {
            "allow_existing": true,
            "blocked": false,
            "dev_id_override": 0,
            "fixed_ip": "10.0.0.44",
            "hostname": "",
            "id": "64bf22e12965341f615028b3",
            "ip": "",
            "local_dns_record": "",
            "mac": "e0:63:da:3c:37:96",
            "name": "infra.wap-master",
            "network_id": "",
            "note": "",
            "site": "default",
            "skip_forget_on_destroy": false,
            "user_group_id": ""
          },
          "sensitive_attributes": [],
          "private": "bnVsbA=="
        },
        {
          "index_key": "f0:2f:4b:08:a6:77",
          "schema_version": 0,
          "attributes": {
            "allow_existing": true,
            "blocked": false,
            "dev_id_override": 0,
            "fixed_ip": "192.168.1.12",
            "hostname": "wilson",
            "id": "61a69eb69f4cbf775d0869d9",
            "ip": "192.168.1.12",
            "local_dns_record": "",
            "mac": "f0:2f:4b:08:a6:77",
            "name": "standard.wilson",
            "network_id": "",
            "note": "",
            "site": "default",
            "skip_forget_on_destroy": false,
            "user_group_id": ""
          },
          "sensitive_attributes": [],
          "private": "bnVsbA=="
        },
        {
          "index_key": "f0:9f:c2:33:41:b1",
          "schema_version": 0,
          "attributes": {
            "allow_existing": true,
            "blocked": false,
            "dev_id_override": 0,
            "fixed_ip": "10.0.0.43",
            "hostname": "",
            "id": "64bf22e12965341f615028ac",
            "ip": "",
            "local_dns_record": "",
            "mac": "f0:9f:c2:33:41:b1",
            "name": "infra.wap-library",
            "network_id": "",
            "note": "",
            "site": "default",
            "skip_forget_on_destroy": false,
            "user_group_id": ""
          },
          "sensitive_attributes": [],
          "private": "bnVsbA=="
        },
        {
          "index_key": "f0:ef:86:f0:1a:6a",
          "schema_version": 0,
          "attributes": {
            "allow_existing": true,
            "blocked": false,
            "dev_id_override": 0,
            "fixed_ip": "172.16.1.29",
            "hostname": "Nest-Hello-1a6a",
            "id": "60bd7d8d86ebc30432de1142",
            "ip": "172.16.1.29",
            "local_dns_record": "",
            "mac": "f0:ef:86:f0:1a:6a",
            "name": "iot.nesthello",
            "network_id": "",
            "note": "",
            "site": "default",
            "skip_forget_on_destroy": false,
            "user_group_id": ""
          },
          "sensitive_attributes": [],
          "private": "bnVsbA=="
        },
        {
          "index_key": "f4:f5:d8:aa:7a:6c",
          "schema_version": 0,
          "attributes": {
            "allow_existing": true,
            "blocked": false,
            "dev_id_override": 0,
            "fixed_ip": "172.16.1.91",
            "hostname": "Chromecast-Ultra",
            "id": "6457fc89a68a8409eb8c05bb",
            "ip": "",
            "local_dns_record": "",
            "mac": "f4:f5:d8:aa:7a:6c",
            "name": "iot.chromecast-gym",
            "network_id": "",
            "note": "",
            "site": "default",
            "skip_forget_on_destroy": false,
            "user_group_id": ""
          },
          "sensitive_attributes": [],
          "private": "bnVsbA=="
        },
        {
          "index_key": "f8:28:19:cb:e2:85",
          "schema_version": 0,
          "attributes": {
            "allow_existing": true,
            "blocked": false,
            "dev_id_override": 0,
            "fixed_ip": "172.16.1.19",
            "hostname": "kiosk-tea",
            "id": "64f7c7b22550e40891408d5e",
            "ip": "172.16.1.19",
            "local_dns_record": "",
            "mac": "f8:28:19:cb:e2:85",
            "name": "iot.kiosk-tea",
            "network_id": "",
            "note": "",
            "site": "default",
            "skip_forget_on_destroy": false,
            "user_group_id": ""
          },
          "sensitive_attributes": [],
          "private": "bnVsbA=="
        },
        {
          "index_key": "f8:51:28:bf:55:5d",
          "schema_version": 0,
          "attributes": {
            "allow_existing": true,
            "blocked": false,
            "dev_id_override": 0,
            "fixed_ip": "172.16.0.11",
            "hostname": "SimpliSafe_Basestation",
            "id": "61e2c9799f4cbf05bbe53f63",
            "ip": "172.16.0.11",
            "local_dns_record": "",
            "mac": "f8:51:28:bf:55:5d",
            "name": "iot.simplisafe",
            "network_id": "",
            "note": "",
            "site": "default",
            "skip_forget_on_destroy": false,
            "user_group_id": ""
          },
          "sensitive_attributes": [],
          "private": "bnVsbA=="
        },
        {
          "index_key": "fc:ec:da:f0:cd:9e",
          "schema_version": 0,
          "attributes": {
            "allow_existing": true,
            "blocked": false,
            "dev_id_override": 0,
            "fixed_ip": "10.0.0.41",
            "hostname": "",
            "id": "64bf22e12965341f615028b0",
            "ip": "",
            "local_dns_record": "",
            "mac": "fc:ec:da:f0:cd:9e",
            "name": "infra.wap-basement",
            "network_id": "",
            "note": "",
            "site": "default",
            "skip_forget_on_destroy": false,
            "user_group_id": ""
          },
          "sensitive_attributes": [],
          "private": "bnVsbA=="
        }
      ]
    },
    {
      "mode": "managed",
      "type": "unifi_wlan",
      "name": "wifi",
      "provider": "provider[\"registry.terraform.io/akerl/unifi\"]",
      "instances": [
        {
          "index_key": "akerl",
          "schema_version": 0,
          "attributes": {
            "ap_group_ids": [
              "60b8489b589c1a069f2682ee"
            ],
            "bss_transition": true,
            "fast_roaming_enabled": true,
            "hide_ssid": false,
            "id": "60b852fdbcd92314cf35fcd5",
            "is_guest": false,
            "l2_isolation": false,
            "mac_filter_enabled": false,
            "mac_filter_list": [],
            "mac_filter_policy": "deny",
            "minimum_data_rate_2g_kbps": 0,
            "minimum_data_rate_5g_kbps": 0,
            "multicast_enhance": false,
            "name": "akerl",
            "network_id": "60b851dbbcd92314cf35fcb3",
            "no2ghz_oui": true,
            "passphrase": "skip",
            "pmf_mode": "optional",
            "proxy_arp": false,
            "radius_profile_id": "",
            "schedule": [],
            "security": "wpapsk",
            "site": "default",
            "uapsd": true,
            "user_group_id": "60b8489a589c1a069f2682e4",
            "wlan_band": "both",
            "wpa3_support": true,
            "wpa3_transition": true
          },
          "sensitive_attributes": [],
          "private": "eyJzY2hlbWFfdmVyc2lvbiI6IjAifQ==",
          "dependencies": [
            "data.unifi_ap_group.default",
            "data.unifi_user_group.default",
            "unifi_network.lans"
          ]
        },
        {
          "index_key": "akerl_guest",
          "schema_version": 0,
          "attributes": {
            "ap_group_ids": [
              "60b8489b589c1a069f2682ee"
            ],
            "bss_transition": true,
            "fast_roaming_enabled": true,
            "hide_ssid": false,
            "id": "60b8532dbcd92314cf35fcd6",
            "is_guest": false,
            "l2_isolation": false,
            "mac_filter_enabled": false,
            "mac_filter_list": [],
            "mac_filter_policy": "deny",
            "minimum_data_rate_2g_kbps": 0,
            "minimum_data_rate_5g_kbps": 0,
            "multicast_enhance": false,
            "name": "akerl_guest",
            "network_id": "60b8520fbcd92314cf35fcb8",
            "no2ghz_oui": false,
            "passphrase": "skip",
            "pmf_mode": "optional",
            "proxy_arp": false,
            "radius_profile_id": "",
            "schedule": [],
            "security": "wpapsk",
            "site": "default",
            "uapsd": false,
            "user_group_id": "60b8489a589c1a069f2682e4",
            "wlan_band": "both",
            "wpa3_support": true,
            "wpa3_transition": true
          },
          "sensitive_attributes": [],
          "private": "eyJzY2hlbWFfdmVyc2lvbiI6IjAifQ==",
          "dependencies": [
            "data.unifi_ap_group.default",
            "data.unifi_user_group.default",
            "unifi_network.lans"
          ]
        },
        {
          "index_key": "akerl_iot",
          "schema_version": 0,
          "attributes": {
            "ap_group_ids": [
              "60b8489b589c1a069f2682ee"
            ],
            "bss_transition": true,
            "fast_roaming_enabled": false,
            "hide_ssid": false,
            "id": "60b8535fbcd92314cf35fcda",
            "is_guest": false,
            "l2_isolation": false,
            "mac_filter_enabled": false,
            "mac_filter_list": [],
            "mac_filter_policy": "deny",
            "minimum_data_rate_2g_kbps": 0,
            "minimum_data_rate_5g_kbps": 0,
            "multicast_enhance": false,
            "name": "akerl_iot",
            "network_id": "60b85264bcd92314cf35fcbc",
            "no2ghz_oui": false,
            "passphrase": "skip",
            "pmf_mode": "disabled",
            "proxy_arp": false,
            "radius_profile_id": "",
            "schedule": [],
            "security": "wpapsk",
            "site": "default",
            "uapsd": false,
            "user_group_id": "60b8489a589c1a069f2682e4",
            "wlan_band": "both",
            "wpa3_support": false,
            "wpa3_transition": false
          },
          "sensitive_attributes": [],
          "private": "eyJzY2hlbWFfdmVyc2lvbiI6IjAifQ==",
          "dependencies": [
            "data.unifi_ap_group.default",
            "data.unifi_user_group.default",
            "unifi_network.lans"
          ]
        }
      ]
    }
  ],
  "check_results": null
}
